
Microsoft Visual Studio Solution File, Format Version 11.00
# Visual Studio 2010
Project("{FAE04EC0-301F-11D3-BF4B-00C04F79EFBC}") = "cde", "cde\cde.csproj", "{B66E72A2-73B3-4100-B933-3C1BB86C0A6D}"
EndProject
Project("{FAE04EC0-301F-11D3-BF4B-00C04F79EFBC}") = "cdeLib", "cdeLib\cdeLib.csproj", "{38066FCE-1EE4-4B6C-BA94-2A526DF7B3ED}"
EndProject
Project("{FAE04EC0-301F-11D3-BF4B-00C04F79EFBC}") = "AlphaFSTest", "AlphaFSTest\AlphaFSTest.csproj", "{2E5BF6AC-99EB-48C7-A54C-166DAF764CC1}"
EndProject
Project("{FAE04EC0-301F-11D3-BF4B-00C04F79EFBC}") = "cdeLibTest", "cdeLibTest\cdeLibTest.csproj", "{937FD4F3-1173-4A23-8DFA-2ABC2C3B27C9}"
EndProject
Project("{FAE04EC0-301F-11D3-BF4B-00C04F79EFBC}") = "cdeWinForms", "cdeWinForms\cdeWinForms.csproj", "{84B124A5-AF9D-4CEA-A8DA-E4581A8A37BF}"
EndProject
Project("{FAE04EC0-301F-11D3-BF4B-00C04F79EFBC}") = "cdeWinFormsPresenter", "cdeWinFormsPresenter\cdeWinFormsPresenter.csproj", "{A263DADD-9055-47B8-9B57-A35D8CADCCA8}"
EndProject
Project("{FAE04EC0-301F-11D3-BF4B-00C04F79EFBC}") = "cdeWinFormsTest", "cdeWinFormsTest\cdeWinFormsTest.csproj", "{1A04B414-1D83-4B55-811D-38E70F2CD1B7}"
EndProject
Global
	GlobalSection(SolutionConfigurationPlatforms) = preSolution
		Debug|Any CPU = Debug|Any CPU
		Debug|Mixed Platforms = Debug|Mixed Platforms
		Debug|x86 = Debug|x86
		Release|Any CPU = Release|Any CPU
		Release|Mixed Platforms = Release|Mixed Platforms
		Release|x86 = Release|x86
	EndGlobalSection
	GlobalSection(ProjectConfigurationPlatforms) = postSolution
		{B66E72A2-73B3-4100-B933-3C1BB86C0A6D}.Debug|Any CPU.ActiveCfg = Debug|x86
		{B66E72A2-73B3-4100-B933-3C1BB86C0A6D}.Debug|Mixed Platforms.ActiveCfg = Debug|x86
		{B66E72A2-73B3-4100-B933-3C1BB86C0A6D}.Debug|Mixed Platforms.Build.0 = Debug|x86
		{B66E72A2-73B3-4100-B933-3C1BB86C0A6D}.Debug|x86.ActiveCfg = Debug|x86
		{B66E72A2-73B3-4100-B933-3C1BB86C0A6D}.Debug|x86.Build.0 = Debug|x86
		{B66E72A2-73B3-4100-B933-3C1BB86C0A6D}.Release|Any CPU.ActiveCfg = Release|x86
		{B66E72A2-73B3-4100-B933-3C1BB86C0A6D}.Release|Mixed Platforms.ActiveCfg = Release|x86
		{B66E72A2-73B3-4100-B933-3C1BB86C0A6D}.Release|Mixed Platforms.Build.0 = Release|x86
		{B66E72A2-73B3-4100-B933-3C1BB86C0A6D}.Release|x86.ActiveCfg = Release|x86
		{B66E72A2-73B3-4100-B933-3C1BB86C0A6D}.Release|x86.Build.0 = Release|x86
		{38066FCE-1EE4-4B6C-BA94-2A526DF7B3ED}.Debug|Any CPU.ActiveCfg = Debug|Any CPU
		{38066FCE-1EE4-4B6C-BA94-2A526DF7B3ED}.Debug|Any CPU.Build.0 = Debug|Any CPU
		{38066FCE-1EE4-4B6C-BA94-2A526DF7B3ED}.Debug|Mixed Platforms.ActiveCfg = Debug|Any CPU
		{38066FCE-1EE4-4B6C-BA94-2A526DF7B3ED}.Debug|Mixed Platforms.Build.0 = Debug|Any CPU
		{38066FCE-1EE4-4B6C-BA94-2A526DF7B3ED}.Debug|x86.ActiveCfg = Debug|Any CPU
		{38066FCE-1EE4-4B6C-BA94-2A526DF7B3ED}.Release|Any CPU.ActiveCfg = Release|Any CPU
		{38066FCE-1EE4-4B6C-BA94-2A526DF7B3ED}.Release|Any CPU.Build.0 = Release|Any CPU
		{38066FCE-1EE4-4B6C-BA94-2A526DF7B3ED}.Release|Mixed Platforms.ActiveCfg = Release|Any CPU
		{38066FCE-1EE4-4B6C-BA94-2A526DF7B3ED}.Release|Mixed Platforms.Build.0 = Release|Any CPU
		{38066FCE-1EE4-4B6C-BA94-2A526DF7B3ED}.Release|x86.ActiveCfg = Release|Any CPU
		{2E5BF6AC-99EB-48C7-A54C-166DAF764CC1}.Debug|Any CPU.ActiveCfg = Debug|Any CPU
		{2E5BF6AC-99EB-48C7-A54C-166DAF764CC1}.Debug|Any CPU.Build.0 = Debug|Any CPU
		{2E5BF6AC-99EB-48C7-A54C-166DAF764CC1}.Debug|Mixed Platforms.ActiveCfg = Debug|Any CPU
		{2E5BF6AC-99EB-48C7-A54C-166DAF764CC1}.Debug|Mixed Platforms.Build.0 = Debug|Any CPU
		{2E5BF6AC-99EB-48C7-A54C-166DAF764CC1}.Debug|x86.ActiveCfg = Debug|Any CPU
		{2E5BF6AC-99EB-48C7-A54C-166DAF764CC1}.Release|Any CPU.ActiveCfg = Release|Any CPU
		{2E5BF6AC-99EB-48C7-A54C-166DAF764CC1}.Release|Any CPU.Build.0 = Release|Any CPU
		{2E5BF6AC-99EB-48C7-A54C-166DAF764CC1}.Release|Mixed Platforms.ActiveCfg = Release|Any CPU
		{2E5BF6AC-99EB-48C7-A54C-166DAF764CC1}.Release|Mixed Platforms.Build.0 = Release|Any CPU
		{2E5BF6AC-99EB-48C7-A54C-166DAF764CC1}.Release|x86.ActiveCfg = Release|Any CPU
		{937FD4F3-1173-4A23-8DFA-2ABC2C3B27C9}.Debug|Any CPU.ActiveCfg = Debug|Any CPU
		{937FD4F3-1173-4A23-8DFA-2ABC2C3B27C9}.Debug|Any CPU.Build.0 = Debug|Any CPU
		{937FD4F3-1173-4A23-8DFA-2ABC2C3B27C9}.Debug|Mixed Platforms.ActiveCfg = Debug|Any CPU
		{937FD4F3-1173-4A23-8DFA-2ABC2C3B27C9}.Debug|Mixed Platforms.Build.0 = Debug|Any CPU
		{937FD4F3-1173-4A23-8DFA-2ABC2C3B27C9}.Debug|x86.ActiveCfg = Debug|Any CPU
		{937FD4F3-1173-4A23-8DFA-2ABC2C3B27C9}.Release|Any CPU.ActiveCfg = Release|Any CPU
		{937FD4F3-1173-4A23-8DFA-2ABC2C3B27C9}.Release|Any CPU.Build.0 = Release|Any CPU
		{937FD4F3-1173-4A23-8DFA-2ABC2C3B27C9}.Release|Mixed Platforms.ActiveCfg = Release|Any CPU
		{937FD4F3-1173-4A23-8DFA-2ABC2C3B27C9}.Release|Mixed Platforms.Build.0 = Release|Any CPU
		{937FD4F3-1173-4A23-8DFA-2ABC2C3B27C9}.Release|x86.ActiveCfg = Release|Any CPU
		{84B124A5-AF9D-4CEA-A8DA-E4581A8A37BF}.Debug|Any CPU.ActiveCfg = Debug|x86
		{84B124A5-AF9D-4CEA-A8DA-E4581A8A37BF}.Debug|Mixed Platforms.ActiveCfg = Debug|x86
		{84B124A5-AF9D-4CEA-A8DA-E4581A8A37BF}.Debug|Mixed Platforms.Build.0 = Debug|x86
		{84B124A5-AF9D-4CEA-A8DA-E4581A8A37BF}.Debug|x86.ActiveCfg = Debug|x86
		{84B124A5-AF9D-4CEA-A8DA-E4581A8A37BF}.Debug|x86.Build.0 = Debug|x86
		{84B124A5-AF9D-4CEA-A8DA-E4581A8A37BF}.Release|Any CPU.ActiveCfg = Release|x86
		{84B124A5-AF9D-4CEA-A8DA-E4581A8A37BF}.Release|Mixed Platforms.ActiveCfg = Release|x86
		{84B124A5-AF9D-4CEA-A8DA-E4581A8A37BF}.Release|Mixed Platforms.Build.0 = Release|x86
		{84B124A5-AF9D-4CEA-A8DA-E4581A8A37BF}.Release|x86.ActiveCfg = Release|x86
		{84B124A5-AF9D-4CEA-A8DA-E4581A8A37BF}.Release|x86.Build.0 = Release|x86
		{A263DADD-9055-47B8-9B57-A35D8CADCCA8}.Debug|Any CPU.ActiveCfg = Debug|Any CPU
		{A263DADD-9055-47B8-9B57-A35D8CADCCA8}.Debug|Any CPU.Build.0 = Debug|Any CPU
		{A263DADD-9055-47B8-9B57-A35D8CADCCA8}.Debug|Mixed Platforms.ActiveCfg = Debug|Any CPU
		{A263DADD-9055-47B8-9B57-A35D8CADCCA8}.Debug|Mixed Platforms.Build.0 = Debug|Any CPU
		{A263DADD-9055-47B8-9B57-A35D8CADCCA8}.Debug|x86.ActiveCfg = Debug|Any CPU
		{A263DADD-9055-47B8-9B57-A35D8CADCCA8}.Release|Any CPU.ActiveCfg = Release|Any CPU
		{A263DADD-9055-47B8-9B57-A35D8CADCCA8}.Release|Any CPU.Build.0 = Release|Any CPU
		{A263DADD-9055-47B8-9B57-A35D8CADCCA8}.Release|Mixed Platforms.ActiveCfg = Release|Any CPU
		{A263DADD-9055-47B8-9B57-A35D8CADCCA8}.Release|Mixed Platforms.Build.0 = Release|Any CPU
		{A263DADD-9055-47B8-9B57-A35D8CADCCA8}.Release|x86.ActiveCfg = Release|Any CPU
		{1A04B414-1D83-4B55-811D-38E70F2CD1B7}.Debug|Any CPU.ActiveCfg = Debug|Any CPU
		{1A04B414-1D83-4B55-811D-38E70F2CD1B7}.Debug|Any CPU.Build.0 = Debug|Any CPU
		{1A04B414-1D83-4B55-811D-38E70F2CD1B7}.Debug|Mixed Platforms.ActiveCfg = Debug|Any CPU
		{1A04B414-1D83-4B55-811D-38E70F2CD1B7}.Debug|Mixed Platforms.Build.0 = Debug|Any CPU
		{1A04B414-1D83-4B55-811D-38E70F2CD1B7}.Debug|x86.ActiveCfg = Debug|Any CPU
		{1A04B414-1D83-4B55-811D-38E70F2CD1B7}.Release|Any CPU.ActiveCfg = Release|Any CPU
		{1A04B414-1D83-4B55-811D-38E70F2CD1B7}.Release|Any CPU.Build.0 = Release|Any CPU
		{1A04B414-1D83-4B55-811D-38E70F2CD1B7}.Release|Mixed Platforms.ActiveCfg = Release|Any CPU
		{1A04B414-1D83-4B55-811D-38E70F2CD1B7}.Release|Mixed Platforms.Build.0 = Release|Any CPU
		{1A04B414-1D83-4B55-811D-38E70F2CD1B7}.Release|x86.ActiveCfg = Release|Any CPU
	EndGlobalSection
	GlobalSection(SolutionProperties) = preSolution
		HideSolutionNode = FALSE
	EndGlobalSection
EndGlobal
