
Microsoft Visual Studio Solution File, Format Version 12.00
# Visual Studio 15
VisualStudioVersion = 15.0.26124.0
MinimumVisualStudioVersion = 15.0.26124.0
Project("{FAE04EC0-301F-11D3-BF4B-00C04F79EFBC}") = "util", "util\util.csproj", "{100D8B34-9EB4-4682-8ABD-48C48A508CDF}"
EndProject
Project("{FAE04EC0-301F-11D3-BF4B-00C04F79EFBC}") = "cdeLib", "cdeLib\cdeLib.csproj", "{79FB051E-1A62-4CC5-84BB-84486E9647CC}"
EndProject
Project("{FAE04EC0-301F-11D3-BF4B-00C04F79EFBC}") = "cdeLibTest", "cdeLibTest\cdeLibTest.csproj", "{14B9D9D4-71C5-43A2-8950-DAE3EE243481}"
EndProject
Global
	GlobalSection(SolutionConfigurationPlatforms) = preSolution
		Debug|Any CPU = Debug|Any CPU
		Debug|x64 = Debug|x64
		Debug|x86 = Debug|x86
		Release|Any CPU = Release|Any CPU
		Release|x64 = Release|x64
		Release|x86 = Release|x86
	EndGlobalSection
	GlobalSection(SolutionProperties) = preSolution
		HideSolutionNode = FALSE
	EndGlobalSection
	GlobalSection(ProjectConfigurationPlatforms) = postSolution
		{100D8B34-9EB4-4682-8ABD-48C48A508CDF}.Debug|Any CPU.ActiveCfg = Debug|Any CPU
		{100D8B34-9EB4-4682-8ABD-48C48A508CDF}.Debug|Any CPU.Build.0 = Debug|Any CPU
		{100D8B34-9EB4-4682-8ABD-48C48A508CDF}.Debug|x64.ActiveCfg = Debug|Any CPU
		{100D8B34-9EB4-4682-8ABD-48C48A508CDF}.Debug|x64.Build.0 = Debug|Any CPU
		{100D8B34-9EB4-4682-8ABD-48C48A508CDF}.Debug|x86.ActiveCfg = Debug|Any CPU
		{100D8B34-9EB4-4682-8ABD-48C48A508CDF}.Debug|x86.Build.0 = Debug|Any CPU
		{100D8B34-9EB4-4682-8ABD-48C48A508CDF}.Release|Any CPU.ActiveCfg = Release|Any CPU
		{100D8B34-9EB4-4682-8ABD-48C48A508CDF}.Release|Any CPU.Build.0 = Release|Any CPU
		{100D8B34-9EB4-4682-8ABD-48C48A508CDF}.Release|x64.ActiveCfg = Release|Any CPU
		{100D8B34-9EB4-4682-8ABD-48C48A508CDF}.Release|x64.Build.0 = Release|Any CPU
		{100D8B34-9EB4-4682-8ABD-48C48A508CDF}.Release|x86.ActiveCfg = Release|Any CPU
		{100D8B34-9EB4-4682-8ABD-48C48A508CDF}.Release|x86.Build.0 = Release|Any CPU
		{79FB051E-1A62-4CC5-84BB-84486E9647CC}.Debug|Any CPU.ActiveCfg = Debug|Any CPU
		{79FB051E-1A62-4CC5-84BB-84486E9647CC}.Debug|Any CPU.Build.0 = Debug|Any CPU
		{79FB051E-1A62-4CC5-84BB-84486E9647CC}.Debug|x64.ActiveCfg = Debug|Any CPU
		{79FB051E-1A62-4CC5-84BB-84486E9647CC}.Debug|x64.Build.0 = Debug|Any CPU
		{79FB051E-1A62-4CC5-84BB-84486E9647CC}.Debug|x86.ActiveCfg = Debug|Any CPU
		{79FB051E-1A62-4CC5-84BB-84486E9647CC}.Debug|x86.Build.0 = Debug|Any CPU
		{79FB051E-1A62-4CC5-84BB-84486E9647CC}.Release|Any CPU.ActiveCfg = Release|Any CPU
		{79FB051E-1A62-4CC5-84BB-84486E9647CC}.Release|Any CPU.Build.0 = Release|Any CPU
		{79FB051E-1A62-4CC5-84BB-84486E9647CC}.Release|x64.ActiveCfg = Release|Any CPU
		{79FB051E-1A62-4CC5-84BB-84486E9647CC}.Release|x64.Build.0 = Release|Any CPU
		{79FB051E-1A62-4CC5-84BB-84486E9647CC}.Release|x86.ActiveCfg = Release|Any CPU
		{79FB051E-1A62-4CC5-84BB-84486E9647CC}.Release|x86.Build.0 = Release|Any CPU
		{14B9D9D4-71C5-43A2-8950-DAE3EE243481}.Debug|Any CPU.ActiveCfg = Debug|Any CPU
		{14B9D9D4-71C5-43A2-8950-DAE3EE243481}.Debug|Any CPU.Build.0 = Debug|Any CPU
		{14B9D9D4-71C5-43A2-8950-DAE3EE243481}.Debug|x64.ActiveCfg = Debug|Any CPU
		{14B9D9D4-71C5-43A2-8950-DAE3EE243481}.Debug|x64.Build.0 = Debug|Any CPU
		{14B9D9D4-71C5-43A2-8950-DAE3EE243481}.Debug|x86.ActiveCfg = Debug|Any CPU
		{14B9D9D4-71C5-43A2-8950-DAE3EE243481}.Debug|x86.Build.0 = Debug|Any CPU
		{14B9D9D4-71C5-43A2-8950-DAE3EE243481}.Release|Any CPU.ActiveCfg = Release|Any CPU
		{14B9D9D4-71C5-43A2-8950-DAE3EE243481}.Release|Any CPU.Build.0 = Release|Any CPU
		{14B9D9D4-71C5-43A2-8950-DAE3EE243481}.Release|x64.ActiveCfg = Release|Any CPU
		{14B9D9D4-71C5-43A2-8950-DAE3EE243481}.Release|x64.Build.0 = Release|Any CPU
		{14B9D9D4-71C5-43A2-8950-DAE3EE243481}.Release|x86.ActiveCfg = Release|Any CPU
		{14B9D9D4-71C5-43A2-8950-DAE3EE243481}.Release|x86.Build.0 = Release|Any CPU
	EndGlobalSection
EndGlobal
