Microsoft Visual Studio Solution File, Format Version 12.00
# Visual Studio 2013
VisualStudioVersion = 12.0.31101.0
MinimumVisualStudioVersion = 10.0.40219.1
Project("{FAE04EC0-301F-11D3-BF4B-00C04F79EFBC}") = "cde", "cde\cde.csproj", "{B66E72A2-73B3-4100-B933-3C1BB86C0A6D}"
EndProject
Project("{FAE04EC0-301F-11D3-BF4B-00C04F79EFBC}") = "cdeLib", "cdeLib\cdeLib.csproj", "{38066FCE-1EE4-4B6C-BA94-2A526DF7B3ED}"
EndProject
Project("{FAE04EC0-301F-11D3-BF4B-00C04F79EFBC}") = "AlphaFSTest", "AlphaFSTest\AlphaFSTest.csproj", "{2E5BF6AC-99EB-48C7-A54C-166DAF764CC1}"
EndProject
Project("{FAE04EC0-301F-11D3-BF4B-00C04F79EFBC}") = "cdeLibTest", "cdeLibTest\cdeLibTest.csproj", "{937FD4F3-1173-4A23-8DFA-2ABC2C3B27C9}"
EndProject
Project("{FAE04EC0-301F-11D3-BF4B-00C04F79EFBC}") = "ProtobufTest", "ProtobufTest\ProtobufTest.csproj", "{B0503673-6BE6-4A94-AC49-C1761113EF0B}"
EndProject
Project("{2150E333-8FDC-42A3-9474-1A3956D46DE8}") = "Solution Items", "Solution Items", "{20643019-F008-42C5-A559-28655EEE69EF}"
	ProjectSection(SolutionItems) = preProject
		tests\jasmine.js = tests\jasmine.js
		tests\karma.conf.js = tests\karma.conf.js
		tests\ngSignalR_tests.js = tests\ngSignalR_tests.js
	EndProjectSection
EndProject
Project("{FAE04EC0-301F-11D3-BF4B-00C04F79EFBC}") = "cdeWin", "cdeWin\cdeWin.csproj", "{AC6AD3DF-47A6-4A55-8EF5-3872E75D6A36}"
EndProject
Project("{FAE04EC0-301F-11D3-BF4B-00C04F79EFBC}") = "cdeWinTest", "cdeWinTest\cdeWinTest.csproj", "{2A5FB24C-BF9D-4920-8BF9-C28448E05C97}"
EndProject
Project("{FAE04EC0-301F-11D3-BF4B-00C04F79EFBC}") = "Mono.Terminal", "Mono.Terminal\Mono.Terminal.csproj", "{E6317A7E-1E5F-46E7-89D0-0E66D0B4C481}"
EndProject
Project("{FAE04EC0-301F-11D3-BF4B-00C04F79EFBC}") = "Util", "Util\Util.csproj", "{27847DBD-65B6-489D-A600-89D4FF5151E8}"
EndProject
Project("{2150E333-8FDC-42A3-9474-1A3956D46DE8}") = ".nuget", ".nuget", "{01F495EB-BFB0-4D53-9B96-0A7BAE45E6AC}"
	ProjectSection(SolutionItems) = preProject
		.nuget\NuGet.Config = .nuget\NuGet.Config
	EndProjectSection
EndProject
Project("{FAE04EC0-301F-11D3-BF4B-00C04F79EFBC}") = "cdeWeb", "cdeWeb\cdeWeb.csproj", "{CE39D9B5-4209-40CF-BB15-86E622A0F52F}"
EndProject
Project("{FAE04EC0-301F-11D3-BF4B-00C04F79EFBC}") = "cdeWebTest", "cdeWebTest\cdeWebTest.csproj", "{CFA197C7-4F7D-447A-BA79-34BE11BF7000}"
EndProject
Project("{FAE04EC0-301F-11D3-BF4B-00C04F79EFBC}") = "NUnit.Should", "NUnit.Should\NUnit.Should.csproj", "{650431E1-34A1-45BF-ABB5-DC77AF235AD8}"
EndProject
Project("{FAE04EC0-301F-11D3-BF4B-00C04F79EFBC}") = "cdeLibSpec", "cdeLibSpec\cdeLibSpec.csproj", "{21ED1638-F0E7-4DC7-9D24-17FC9FB13857}"
EndProject
Global
	GlobalSection(SolutionConfigurationPlatforms) = preSolution
		Debug|Any CPU = Debug|Any CPU
		Debug|Mixed Platforms = Debug|Mixed Platforms
		Debug|x64 = Debug|x64
		Debug|x86 = Debug|x86
		Net35 Debug|Any CPU = Net35 Debug|Any CPU
		Net35 Debug|Mixed Platforms = Net35 Debug|Mixed Platforms
		Net35 Debug|x64 = Net35 Debug|x64
		Net35 Debug|x86 = Net35 Debug|x86
		Net35|Any CPU = Net35|Any CPU
		Net35|Mixed Platforms = Net35|Mixed Platforms
		Net35|x64 = Net35|x64
		Net35|x86 = Net35|x86
		Net40 Debug|Any CPU = Net40 Debug|Any CPU
		Net40 Debug|Mixed Platforms = Net40 Debug|Mixed Platforms
		Net40 Debug|x64 = Net40 Debug|x64
		Net40 Debug|x86 = Net40 Debug|x86
		Net40|Any CPU = Net40|Any CPU
		Net40|Mixed Platforms = Net40|Mixed Platforms
		Net40|x64 = Net40|x64
		Net40|x86 = Net40|x86
		Net45 Debug|Any CPU = Net45 Debug|Any CPU
		Net45 Debug|Mixed Platforms = Net45 Debug|Mixed Platforms
		Net45 Debug|x64 = Net45 Debug|x64
		Net45 Debug|x86 = Net45 Debug|x86
		Net45|Any CPU = Net45|Any CPU
		Net45|Mixed Platforms = Net45|Mixed Platforms
		Net45|x64 = Net45|x64
		Net45|x86 = Net45|x86
		Net451 Debug|Any CPU = Net451 Debug|Any CPU
		Net451 Debug|Mixed Platforms = Net451 Debug|Mixed Platforms
		Net451 Debug|x64 = Net451 Debug|x64
		Net451 Debug|x86 = Net451 Debug|x86
		Net451|Any CPU = Net451|Any CPU
		Net451|Mixed Platforms = Net451|Mixed Platforms
		Net451|x64 = Net451|x64
		Net451|x86 = Net451|x86
		Release|Any CPU = Release|Any CPU
		Release|Mixed Platforms = Release|Mixed Platforms
		Release|x64 = Release|x64
		Release|x86 = Release|x86
	EndGlobalSection
	GlobalSection(ProjectConfigurationPlatforms) = postSolution
		{B66E72A2-73B3-4100-B933-3C1BB86C0A6D}.Debug|Any CPU.ActiveCfg = Debug|Any CPU
		{B66E72A2-73B3-4100-B933-3C1BB86C0A6D}.Debug|Any CPU.Build.0 = Debug|Any CPU
		{B66E72A2-73B3-4100-B933-3C1BB86C0A6D}.Debug|Mixed Platforms.ActiveCfg = Debug|x86
		{B66E72A2-73B3-4100-B933-3C1BB86C0A6D}.Debug|Mixed Platforms.Build.0 = Debug|x86
		{B66E72A2-73B3-4100-B933-3C1BB86C0A6D}.Debug|x64.ActiveCfg = Debug|x64
		{B66E72A2-73B3-4100-B933-3C1BB86C0A6D}.Debug|x64.Build.0 = Debug|x64
		{B66E72A2-73B3-4100-B933-3C1BB86C0A6D}.Debug|x86.ActiveCfg = Debug|x86
		{B66E72A2-73B3-4100-B933-3C1BB86C0A6D}.Debug|x86.Build.0 = Debug|x86
		{B66E72A2-73B3-4100-B933-3C1BB86C0A6D}.Net35 Debug|Any CPU.ActiveCfg = Debug|Any CPU
		{B66E72A2-73B3-4100-B933-3C1BB86C0A6D}.Net35 Debug|Any CPU.Build.0 = Debug|Any CPU
		{B66E72A2-73B3-4100-B933-3C1BB86C0A6D}.Net35 Debug|Mixed Platforms.ActiveCfg = Debug|x86
		{B66E72A2-73B3-4100-B933-3C1BB86C0A6D}.Net35 Debug|Mixed Platforms.Build.0 = Debug|x86
		{B66E72A2-73B3-4100-B933-3C1BB86C0A6D}.Net35 Debug|x64.ActiveCfg = Debug|x64
		{B66E72A2-73B3-4100-B933-3C1BB86C0A6D}.Net35 Debug|x64.Build.0 = Debug|x64
		{B66E72A2-73B3-4100-B933-3C1BB86C0A6D}.Net35 Debug|x86.ActiveCfg = Debug|x86
		{B66E72A2-73B3-4100-B933-3C1BB86C0A6D}.Net35 Debug|x86.Build.0 = Debug|x86
		{B66E72A2-73B3-4100-B933-3C1BB86C0A6D}.Net35|Any CPU.ActiveCfg = Release|Any CPU
		{B66E72A2-73B3-4100-B933-3C1BB86C0A6D}.Net35|Any CPU.Build.0 = Release|Any CPU
		{B66E72A2-73B3-4100-B933-3C1BB86C0A6D}.Net35|Mixed Platforms.ActiveCfg = Release|x86
		{B66E72A2-73B3-4100-B933-3C1BB86C0A6D}.Net35|Mixed Platforms.Build.0 = Release|x86
		{B66E72A2-73B3-4100-B933-3C1BB86C0A6D}.Net35|x64.ActiveCfg = Release|x64
		{B66E72A2-73B3-4100-B933-3C1BB86C0A6D}.Net35|x64.Build.0 = Release|x64
		{B66E72A2-73B3-4100-B933-3C1BB86C0A6D}.Net35|x86.ActiveCfg = Release|x86
		{B66E72A2-73B3-4100-B933-3C1BB86C0A6D}.Net35|x86.Build.0 = Release|x86
		{B66E72A2-73B3-4100-B933-3C1BB86C0A6D}.Net40 Debug|Any CPU.ActiveCfg = Debug|Any CPU
		{B66E72A2-73B3-4100-B933-3C1BB86C0A6D}.Net40 Debug|Any CPU.Build.0 = Debug|Any CPU
		{B66E72A2-73B3-4100-B933-3C1BB86C0A6D}.Net40 Debug|Mixed Platforms.ActiveCfg = Debug|x86
		{B66E72A2-73B3-4100-B933-3C1BB86C0A6D}.Net40 Debug|Mixed Platforms.Build.0 = Debug|x86
		{B66E72A2-73B3-4100-B933-3C1BB86C0A6D}.Net40 Debug|x64.ActiveCfg = Debug|x64
		{B66E72A2-73B3-4100-B933-3C1BB86C0A6D}.Net40 Debug|x64.Build.0 = Debug|x64
		{B66E72A2-73B3-4100-B933-3C1BB86C0A6D}.Net40 Debug|x86.ActiveCfg = Debug|x86
		{B66E72A2-73B3-4100-B933-3C1BB86C0A6D}.Net40 Debug|x86.Build.0 = Debug|x86
		{B66E72A2-73B3-4100-B933-3C1BB86C0A6D}.Net40|Any CPU.ActiveCfg = Release|Any CPU
		{B66E72A2-73B3-4100-B933-3C1BB86C0A6D}.Net40|Any CPU.Build.0 = Release|Any CPU
		{B66E72A2-73B3-4100-B933-3C1BB86C0A6D}.Net40|Mixed Platforms.ActiveCfg = Release|x86
		{B66E72A2-73B3-4100-B933-3C1BB86C0A6D}.Net40|Mixed Platforms.Build.0 = Release|x86
		{B66E72A2-73B3-4100-B933-3C1BB86C0A6D}.Net40|x64.ActiveCfg = Release|x64
		{B66E72A2-73B3-4100-B933-3C1BB86C0A6D}.Net40|x64.Build.0 = Release|x64
		{B66E72A2-73B3-4100-B933-3C1BB86C0A6D}.Net40|x86.ActiveCfg = Release|x86
		{B66E72A2-73B3-4100-B933-3C1BB86C0A6D}.Net40|x86.Build.0 = Release|x86
		{B66E72A2-73B3-4100-B933-3C1BB86C0A6D}.Net45 Debug|Any CPU.ActiveCfg = Debug|Any CPU
		{B66E72A2-73B3-4100-B933-3C1BB86C0A6D}.Net45 Debug|Any CPU.Build.0 = Debug|Any CPU
		{B66E72A2-73B3-4100-B933-3C1BB86C0A6D}.Net45 Debug|Mixed Platforms.ActiveCfg = Debug|x86
		{B66E72A2-73B3-4100-B933-3C1BB86C0A6D}.Net45 Debug|Mixed Platforms.Build.0 = Debug|x86
		{B66E72A2-73B3-4100-B933-3C1BB86C0A6D}.Net45 Debug|x64.ActiveCfg = Debug|x64
		{B66E72A2-73B3-4100-B933-3C1BB86C0A6D}.Net45 Debug|x64.Build.0 = Debug|x64
		{B66E72A2-73B3-4100-B933-3C1BB86C0A6D}.Net45 Debug|x86.ActiveCfg = Debug|x86
		{B66E72A2-73B3-4100-B933-3C1BB86C0A6D}.Net45 Debug|x86.Build.0 = Debug|x86
		{B66E72A2-73B3-4100-B933-3C1BB86C0A6D}.Net45|Any CPU.ActiveCfg = Release|Any CPU
		{B66E72A2-73B3-4100-B933-3C1BB86C0A6D}.Net45|Any CPU.Build.0 = Release|Any CPU
		{B66E72A2-73B3-4100-B933-3C1BB86C0A6D}.Net45|Mixed Platforms.ActiveCfg = Release|x86
		{B66E72A2-73B3-4100-B933-3C1BB86C0A6D}.Net45|Mixed Platforms.Build.0 = Release|x86
		{B66E72A2-73B3-4100-B933-3C1BB86C0A6D}.Net45|x64.ActiveCfg = Release|x64
		{B66E72A2-73B3-4100-B933-3C1BB86C0A6D}.Net45|x64.Build.0 = Release|x64
		{B66E72A2-73B3-4100-B933-3C1BB86C0A6D}.Net45|x86.ActiveCfg = Release|x86
		{B66E72A2-73B3-4100-B933-3C1BB86C0A6D}.Net45|x86.Build.0 = Release|x86
		{B66E72A2-73B3-4100-B933-3C1BB86C0A6D}.Net451 Debug|Any CPU.ActiveCfg = Debug|Any CPU
		{B66E72A2-73B3-4100-B933-3C1BB86C0A6D}.Net451 Debug|Any CPU.Build.0 = Debug|Any CPU
		{B66E72A2-73B3-4100-B933-3C1BB86C0A6D}.Net451 Debug|Mixed Platforms.ActiveCfg = Debug|x86
		{B66E72A2-73B3-4100-B933-3C1BB86C0A6D}.Net451 Debug|Mixed Platforms.Build.0 = Debug|x86
		{B66E72A2-73B3-4100-B933-3C1BB86C0A6D}.Net451 Debug|x64.ActiveCfg = Debug|x64
		{B66E72A2-73B3-4100-B933-3C1BB86C0A6D}.Net451 Debug|x64.Build.0 = Debug|x64
		{B66E72A2-73B3-4100-B933-3C1BB86C0A6D}.Net451 Debug|x86.ActiveCfg = Debug|x86
		{B66E72A2-73B3-4100-B933-3C1BB86C0A6D}.Net451 Debug|x86.Build.0 = Debug|x86
		{B66E72A2-73B3-4100-B933-3C1BB86C0A6D}.Net451|Any CPU.ActiveCfg = Release|Any CPU
		{B66E72A2-73B3-4100-B933-3C1BB86C0A6D}.Net451|Any CPU.Build.0 = Release|Any CPU
		{B66E72A2-73B3-4100-B933-3C1BB86C0A6D}.Net451|Mixed Platforms.ActiveCfg = Release|x86
		{B66E72A2-73B3-4100-B933-3C1BB86C0A6D}.Net451|Mixed Platforms.Build.0 = Release|x86
		{B66E72A2-73B3-4100-B933-3C1BB86C0A6D}.Net451|x64.ActiveCfg = Release|x64
		{B66E72A2-73B3-4100-B933-3C1BB86C0A6D}.Net451|x64.Build.0 = Release|x64
		{B66E72A2-73B3-4100-B933-3C1BB86C0A6D}.Net451|x86.ActiveCfg = Release|x86
		{B66E72A2-73B3-4100-B933-3C1BB86C0A6D}.Net451|x86.Build.0 = Release|x86
		{B66E72A2-73B3-4100-B933-3C1BB86C0A6D}.Release|Any CPU.ActiveCfg = Release|Any CPU
		{B66E72A2-73B3-4100-B933-3C1BB86C0A6D}.Release|Any CPU.Build.0 = Release|Any CPU
		{B66E72A2-73B3-4100-B933-3C1BB86C0A6D}.Release|Mixed Platforms.ActiveCfg = Release|Any CPU
		{B66E72A2-73B3-4100-B933-3C1BB86C0A6D}.Release|Mixed Platforms.Build.0 = Release|Any CPU
		{B66E72A2-73B3-4100-B933-3C1BB86C0A6D}.Release|x64.ActiveCfg = Release|x64
		{B66E72A2-73B3-4100-B933-3C1BB86C0A6D}.Release|x64.Build.0 = Release|x64
		{B66E72A2-73B3-4100-B933-3C1BB86C0A6D}.Release|x86.ActiveCfg = Release|x86
		{B66E72A2-73B3-4100-B933-3C1BB86C0A6D}.Release|x86.Build.0 = Release|x86
		{38066FCE-1EE4-4B6C-BA94-2A526DF7B3ED}.Debug|Any CPU.ActiveCfg = Debug|Any CPU
		{38066FCE-1EE4-4B6C-BA94-2A526DF7B3ED}.Debug|Any CPU.Build.0 = Debug|Any CPU
		{38066FCE-1EE4-4B6C-BA94-2A526DF7B3ED}.Debug|Mixed Platforms.ActiveCfg = Debug|Any CPU
		{38066FCE-1EE4-4B6C-BA94-2A526DF7B3ED}.Debug|Mixed Platforms.Build.0 = Debug|Any CPU
		{38066FCE-1EE4-4B6C-BA94-2A526DF7B3ED}.Debug|x64.ActiveCfg = Debug|x64
		{38066FCE-1EE4-4B6C-BA94-2A526DF7B3ED}.Debug|x64.Build.0 = Debug|x64
		{38066FCE-1EE4-4B6C-BA94-2A526DF7B3ED}.Debug|x86.ActiveCfg = Debug|x86
		{38066FCE-1EE4-4B6C-BA94-2A526DF7B3ED}.Debug|x86.Build.0 = Debug|x86
		{38066FCE-1EE4-4B6C-BA94-2A526DF7B3ED}.Net35 Debug|Any CPU.ActiveCfg = Debug|Any CPU
		{38066FCE-1EE4-4B6C-BA94-2A526DF7B3ED}.Net35 Debug|Any CPU.Build.0 = Debug|Any CPU
		{38066FCE-1EE4-4B6C-BA94-2A526DF7B3ED}.Net35 Debug|Mixed Platforms.ActiveCfg = Debug|x86
		{38066FCE-1EE4-4B6C-BA94-2A526DF7B3ED}.Net35 Debug|Mixed Platforms.Build.0 = Debug|x86
		{38066FCE-1EE4-4B6C-BA94-2A526DF7B3ED}.Net35 Debug|x64.ActiveCfg = Debug|x64
		{38066FCE-1EE4-4B6C-BA94-2A526DF7B3ED}.Net35 Debug|x64.Build.0 = Debug|x64
		{38066FCE-1EE4-4B6C-BA94-2A526DF7B3ED}.Net35 Debug|x86.ActiveCfg = Debug|x86
		{38066FCE-1EE4-4B6C-BA94-2A526DF7B3ED}.Net35 Debug|x86.Build.0 = Debug|x86
		{38066FCE-1EE4-4B6C-BA94-2A526DF7B3ED}.Net35|Any CPU.ActiveCfg = Release|Any CPU
		{38066FCE-1EE4-4B6C-BA94-2A526DF7B3ED}.Net35|Any CPU.Build.0 = Release|Any CPU
		{38066FCE-1EE4-4B6C-BA94-2A526DF7B3ED}.Net35|Mixed Platforms.ActiveCfg = Release|x86
		{38066FCE-1EE4-4B6C-BA94-2A526DF7B3ED}.Net35|Mixed Platforms.Build.0 = Release|x86
		{38066FCE-1EE4-4B6C-BA94-2A526DF7B3ED}.Net35|x64.ActiveCfg = Release|x64
		{38066FCE-1EE4-4B6C-BA94-2A526DF7B3ED}.Net35|x64.Build.0 = Release|x64
		{38066FCE-1EE4-4B6C-BA94-2A526DF7B3ED}.Net35|x86.ActiveCfg = Release|x86
		{38066FCE-1EE4-4B6C-BA94-2A526DF7B3ED}.Net35|x86.Build.0 = Release|x86
		{38066FCE-1EE4-4B6C-BA94-2A526DF7B3ED}.Net40 Debug|Any CPU.ActiveCfg = Debug|Any CPU
		{38066FCE-1EE4-4B6C-BA94-2A526DF7B3ED}.Net40 Debug|Any CPU.Build.0 = Debug|Any CPU
		{38066FCE-1EE4-4B6C-BA94-2A526DF7B3ED}.Net40 Debug|Mixed Platforms.ActiveCfg = Debug|x86
		{38066FCE-1EE4-4B6C-BA94-2A526DF7B3ED}.Net40 Debug|Mixed Platforms.Build.0 = Debug|x86
		{38066FCE-1EE4-4B6C-BA94-2A526DF7B3ED}.Net40 Debug|x64.ActiveCfg = Debug|x64
		{38066FCE-1EE4-4B6C-BA94-2A526DF7B3ED}.Net40 Debug|x64.Build.0 = Debug|x64
		{38066FCE-1EE4-4B6C-BA94-2A526DF7B3ED}.Net40 Debug|x86.ActiveCfg = Debug|x86
		{38066FCE-1EE4-4B6C-BA94-2A526DF7B3ED}.Net40 Debug|x86.Build.0 = Debug|x86
		{38066FCE-1EE4-4B6C-BA94-2A526DF7B3ED}.Net40|Any CPU.ActiveCfg = Release|Any CPU
		{38066FCE-1EE4-4B6C-BA94-2A526DF7B3ED}.Net40|Any CPU.Build.0 = Release|Any CPU
		{38066FCE-1EE4-4B6C-BA94-2A526DF7B3ED}.Net40|Mixed Platforms.ActiveCfg = Release|x86
		{38066FCE-1EE4-4B6C-BA94-2A526DF7B3ED}.Net40|Mixed Platforms.Build.0 = Release|x86
		{38066FCE-1EE4-4B6C-BA94-2A526DF7B3ED}.Net40|x64.ActiveCfg = Release|x64
		{38066FCE-1EE4-4B6C-BA94-2A526DF7B3ED}.Net40|x64.Build.0 = Release|x64
		{38066FCE-1EE4-4B6C-BA94-2A526DF7B3ED}.Net40|x86.ActiveCfg = Release|x86
		{38066FCE-1EE4-4B6C-BA94-2A526DF7B3ED}.Net40|x86.Build.0 = Release|x86
		{38066FCE-1EE4-4B6C-BA94-2A526DF7B3ED}.Net45 Debug|Any CPU.ActiveCfg = Debug|Any CPU
		{38066FCE-1EE4-4B6C-BA94-2A526DF7B3ED}.Net45 Debug|Any CPU.Build.0 = Debug|Any CPU
		{38066FCE-1EE4-4B6C-BA94-2A526DF7B3ED}.Net45 Debug|Mixed Platforms.ActiveCfg = Debug|x86
		{38066FCE-1EE4-4B6C-BA94-2A526DF7B3ED}.Net45 Debug|Mixed Platforms.Build.0 = Debug|x86
		{38066FCE-1EE4-4B6C-BA94-2A526DF7B3ED}.Net45 Debug|x64.ActiveCfg = Debug|x64
		{38066FCE-1EE4-4B6C-BA94-2A526DF7B3ED}.Net45 Debug|x64.Build.0 = Debug|x64
		{38066FCE-1EE4-4B6C-BA94-2A526DF7B3ED}.Net45 Debug|x86.ActiveCfg = Debug|x86
		{38066FCE-1EE4-4B6C-BA94-2A526DF7B3ED}.Net45 Debug|x86.Build.0 = Debug|x86
		{38066FCE-1EE4-4B6C-BA94-2A526DF7B3ED}.Net45|Any CPU.ActiveCfg = Release|Any CPU
		{38066FCE-1EE4-4B6C-BA94-2A526DF7B3ED}.Net45|Any CPU.Build.0 = Release|Any CPU
		{38066FCE-1EE4-4B6C-BA94-2A526DF7B3ED}.Net45|Mixed Platforms.ActiveCfg = Release|x86
		{38066FCE-1EE4-4B6C-BA94-2A526DF7B3ED}.Net45|Mixed Platforms.Build.0 = Release|x86
		{38066FCE-1EE4-4B6C-BA94-2A526DF7B3ED}.Net45|x64.ActiveCfg = Release|x64
		{38066FCE-1EE4-4B6C-BA94-2A526DF7B3ED}.Net45|x64.Build.0 = Release|x64
		{38066FCE-1EE4-4B6C-BA94-2A526DF7B3ED}.Net45|x86.ActiveCfg = Release|x86
		{38066FCE-1EE4-4B6C-BA94-2A526DF7B3ED}.Net45|x86.Build.0 = Release|x86
		{38066FCE-1EE4-4B6C-BA94-2A526DF7B3ED}.Net451 Debug|Any CPU.ActiveCfg = Debug|Any CPU
		{38066FCE-1EE4-4B6C-BA94-2A526DF7B3ED}.Net451 Debug|Any CPU.Build.0 = Debug|Any CPU
		{38066FCE-1EE4-4B6C-BA94-2A526DF7B3ED}.Net451 Debug|Mixed Platforms.ActiveCfg = Debug|x86
		{38066FCE-1EE4-4B6C-BA94-2A526DF7B3ED}.Net451 Debug|Mixed Platforms.Build.0 = Debug|x86
		{38066FCE-1EE4-4B6C-BA94-2A526DF7B3ED}.Net451 Debug|x64.ActiveCfg = Debug|x64
		{38066FCE-1EE4-4B6C-BA94-2A526DF7B3ED}.Net451 Debug|x64.Build.0 = Debug|x64
		{38066FCE-1EE4-4B6C-BA94-2A526DF7B3ED}.Net451 Debug|x86.ActiveCfg = Debug|x86
		{38066FCE-1EE4-4B6C-BA94-2A526DF7B3ED}.Net451 Debug|x86.Build.0 = Debug|x86
		{38066FCE-1EE4-4B6C-BA94-2A526DF7B3ED}.Net451|Any CPU.ActiveCfg = Release|Any CPU
		{38066FCE-1EE4-4B6C-BA94-2A526DF7B3ED}.Net451|Any CPU.Build.0 = Release|Any CPU
		{38066FCE-1EE4-4B6C-BA94-2A526DF7B3ED}.Net451|Mixed Platforms.ActiveCfg = Release|x86
		{38066FCE-1EE4-4B6C-BA94-2A526DF7B3ED}.Net451|Mixed Platforms.Build.0 = Release|x86
		{38066FCE-1EE4-4B6C-BA94-2A526DF7B3ED}.Net451|x64.ActiveCfg = Release|x64
		{38066FCE-1EE4-4B6C-BA94-2A526DF7B3ED}.Net451|x64.Build.0 = Release|x64
		{38066FCE-1EE4-4B6C-BA94-2A526DF7B3ED}.Net451|x86.ActiveCfg = Release|x86
		{38066FCE-1EE4-4B6C-BA94-2A526DF7B3ED}.Net451|x86.Build.0 = Release|x86
		{38066FCE-1EE4-4B6C-BA94-2A526DF7B3ED}.Release|Any CPU.ActiveCfg = Release|Any CPU
		{38066FCE-1EE4-4B6C-BA94-2A526DF7B3ED}.Release|Any CPU.Build.0 = Release|Any CPU
		{38066FCE-1EE4-4B6C-BA94-2A526DF7B3ED}.Release|Mixed Platforms.ActiveCfg = Release|Any CPU
		{38066FCE-1EE4-4B6C-BA94-2A526DF7B3ED}.Release|Mixed Platforms.Build.0 = Release|Any CPU
		{38066FCE-1EE4-4B6C-BA94-2A526DF7B3ED}.Release|x64.ActiveCfg = Release|x64
		{38066FCE-1EE4-4B6C-BA94-2A526DF7B3ED}.Release|x64.Build.0 = Release|x64
		{38066FCE-1EE4-4B6C-BA94-2A526DF7B3ED}.Release|x86.ActiveCfg = Release|x86
		{38066FCE-1EE4-4B6C-BA94-2A526DF7B3ED}.Release|x86.Build.0 = Release|x86
		{2E5BF6AC-99EB-48C7-A54C-166DAF764CC1}.Debug|Any CPU.ActiveCfg = Debug|Any CPU
		{2E5BF6AC-99EB-48C7-A54C-166DAF764CC1}.Debug|Any CPU.Build.0 = Debug|Any CPU
		{2E5BF6AC-99EB-48C7-A54C-166DAF764CC1}.Debug|Mixed Platforms.ActiveCfg = Debug|Any CPU
		{2E5BF6AC-99EB-48C7-A54C-166DAF764CC1}.Debug|Mixed Platforms.Build.0 = Debug|Any CPU
		{2E5BF6AC-99EB-48C7-A54C-166DAF764CC1}.Debug|x64.ActiveCfg = Debug|x64
		{2E5BF6AC-99EB-48C7-A54C-166DAF764CC1}.Debug|x64.Build.0 = Debug|x64
		{2E5BF6AC-99EB-48C7-A54C-166DAF764CC1}.Debug|x86.ActiveCfg = Debug|x86
		{2E5BF6AC-99EB-48C7-A54C-166DAF764CC1}.Debug|x86.Build.0 = Debug|x86
		{2E5BF6AC-99EB-48C7-A54C-166DAF764CC1}.Net35 Debug|Any CPU.ActiveCfg = Debug|Any CPU
		{2E5BF6AC-99EB-48C7-A54C-166DAF764CC1}.Net35 Debug|Any CPU.Build.0 = Debug|Any CPU
		{2E5BF6AC-99EB-48C7-A54C-166DAF764CC1}.Net35 Debug|Mixed Platforms.ActiveCfg = Debug|x86
		{2E5BF6AC-99EB-48C7-A54C-166DAF764CC1}.Net35 Debug|Mixed Platforms.Build.0 = Debug|x86
		{2E5BF6AC-99EB-48C7-A54C-166DAF764CC1}.Net35 Debug|x64.ActiveCfg = Debug|x64
		{2E5BF6AC-99EB-48C7-A54C-166DAF764CC1}.Net35 Debug|x64.Build.0 = Debug|x64
		{2E5BF6AC-99EB-48C7-A54C-166DAF764CC1}.Net35 Debug|x86.ActiveCfg = Debug|x86
		{2E5BF6AC-99EB-48C7-A54C-166DAF764CC1}.Net35 Debug|x86.Build.0 = Debug|x86
		{2E5BF6AC-99EB-48C7-A54C-166DAF764CC1}.Net35|Any CPU.ActiveCfg = Release|Any CPU
		{2E5BF6AC-99EB-48C7-A54C-166DAF764CC1}.Net35|Any CPU.Build.0 = Release|Any CPU
		{2E5BF6AC-99EB-48C7-A54C-166DAF764CC1}.Net35|Mixed Platforms.ActiveCfg = Release|x86
		{2E5BF6AC-99EB-48C7-A54C-166DAF764CC1}.Net35|Mixed Platforms.Build.0 = Release|x86
		{2E5BF6AC-99EB-48C7-A54C-166DAF764CC1}.Net35|x64.ActiveCfg = Release|x64
		{2E5BF6AC-99EB-48C7-A54C-166DAF764CC1}.Net35|x64.Build.0 = Release|x64
		{2E5BF6AC-99EB-48C7-A54C-166DAF764CC1}.Net35|x86.ActiveCfg = Release|x86
		{2E5BF6AC-99EB-48C7-A54C-166DAF764CC1}.Net35|x86.Build.0 = Release|x86
		{2E5BF6AC-99EB-48C7-A54C-166DAF764CC1}.Net40 Debug|Any CPU.ActiveCfg = Debug|Any CPU
		{2E5BF6AC-99EB-48C7-A54C-166DAF764CC1}.Net40 Debug|Any CPU.Build.0 = Debug|Any CPU
		{2E5BF6AC-99EB-48C7-A54C-166DAF764CC1}.Net40 Debug|Mixed Platforms.ActiveCfg = Debug|x86
		{2E5BF6AC-99EB-48C7-A54C-166DAF764CC1}.Net40 Debug|Mixed Platforms.Build.0 = Debug|x86
		{2E5BF6AC-99EB-48C7-A54C-166DAF764CC1}.Net40 Debug|x64.ActiveCfg = Debug|x64
		{2E5BF6AC-99EB-48C7-A54C-166DAF764CC1}.Net40 Debug|x64.Build.0 = Debug|x64
		{2E5BF6AC-99EB-48C7-A54C-166DAF764CC1}.Net40 Debug|x86.ActiveCfg = Debug|x86
		{2E5BF6AC-99EB-48C7-A54C-166DAF764CC1}.Net40 Debug|x86.Build.0 = Debug|x86
		{2E5BF6AC-99EB-48C7-A54C-166DAF764CC1}.Net40|Any CPU.ActiveCfg = Release|Any CPU
		{2E5BF6AC-99EB-48C7-A54C-166DAF764CC1}.Net40|Any CPU.Build.0 = Release|Any CPU
		{2E5BF6AC-99EB-48C7-A54C-166DAF764CC1}.Net40|Mixed Platforms.ActiveCfg = Release|x86
		{2E5BF6AC-99EB-48C7-A54C-166DAF764CC1}.Net40|Mixed Platforms.Build.0 = Release|x86
		{2E5BF6AC-99EB-48C7-A54C-166DAF764CC1}.Net40|x64.ActiveCfg = Release|x64
		{2E5BF6AC-99EB-48C7-A54C-166DAF764CC1}.Net40|x64.Build.0 = Release|x64
		{2E5BF6AC-99EB-48C7-A54C-166DAF764CC1}.Net40|x86.ActiveCfg = Release|x86
		{2E5BF6AC-99EB-48C7-A54C-166DAF764CC1}.Net40|x86.Build.0 = Release|x86
		{2E5BF6AC-99EB-48C7-A54C-166DAF764CC1}.Net45 Debug|Any CPU.ActiveCfg = Debug|Any CPU
		{2E5BF6AC-99EB-48C7-A54C-166DAF764CC1}.Net45 Debug|Any CPU.Build.0 = Debug|Any CPU
		{2E5BF6AC-99EB-48C7-A54C-166DAF764CC1}.Net45 Debug|Mixed Platforms.ActiveCfg = Debug|x86
		{2E5BF6AC-99EB-48C7-A54C-166DAF764CC1}.Net45 Debug|Mixed Platforms.Build.0 = Debug|x86
		{2E5BF6AC-99EB-48C7-A54C-166DAF764CC1}.Net45 Debug|x64.ActiveCfg = Debug|x64
		{2E5BF6AC-99EB-48C7-A54C-166DAF764CC1}.Net45 Debug|x64.Build.0 = Debug|x64
		{2E5BF6AC-99EB-48C7-A54C-166DAF764CC1}.Net45 Debug|x86.ActiveCfg = Debug|x86
		{2E5BF6AC-99EB-48C7-A54C-166DAF764CC1}.Net45 Debug|x86.Build.0 = Debug|x86
		{2E5BF6AC-99EB-48C7-A54C-166DAF764CC1}.Net45|Any CPU.ActiveCfg = Release|Any CPU
		{2E5BF6AC-99EB-48C7-A54C-166DAF764CC1}.Net45|Any CPU.Build.0 = Release|Any CPU
		{2E5BF6AC-99EB-48C7-A54C-166DAF764CC1}.Net45|Mixed Platforms.ActiveCfg = Release|x86
		{2E5BF6AC-99EB-48C7-A54C-166DAF764CC1}.Net45|Mixed Platforms.Build.0 = Release|x86
		{2E5BF6AC-99EB-48C7-A54C-166DAF764CC1}.Net45|x64.ActiveCfg = Release|x64
		{2E5BF6AC-99EB-48C7-A54C-166DAF764CC1}.Net45|x64.Build.0 = Release|x64
		{2E5BF6AC-99EB-48C7-A54C-166DAF764CC1}.Net45|x86.ActiveCfg = Release|x86
		{2E5BF6AC-99EB-48C7-A54C-166DAF764CC1}.Net45|x86.Build.0 = Release|x86
		{2E5BF6AC-99EB-48C7-A54C-166DAF764CC1}.Net451 Debug|Any CPU.ActiveCfg = Debug|Any CPU
		{2E5BF6AC-99EB-48C7-A54C-166DAF764CC1}.Net451 Debug|Any CPU.Build.0 = Debug|Any CPU
		{2E5BF6AC-99EB-48C7-A54C-166DAF764CC1}.Net451 Debug|Mixed Platforms.ActiveCfg = Debug|x86
		{2E5BF6AC-99EB-48C7-A54C-166DAF764CC1}.Net451 Debug|Mixed Platforms.Build.0 = Debug|x86
		{2E5BF6AC-99EB-48C7-A54C-166DAF764CC1}.Net451 Debug|x64.ActiveCfg = Debug|x64
		{2E5BF6AC-99EB-48C7-A54C-166DAF764CC1}.Net451 Debug|x64.Build.0 = Debug|x64
		{2E5BF6AC-99EB-48C7-A54C-166DAF764CC1}.Net451 Debug|x86.ActiveCfg = Debug|x86
		{2E5BF6AC-99EB-48C7-A54C-166DAF764CC1}.Net451 Debug|x86.Build.0 = Debug|x86
		{2E5BF6AC-99EB-48C7-A54C-166DAF764CC1}.Net451|Any CPU.ActiveCfg = Release|Any CPU
		{2E5BF6AC-99EB-48C7-A54C-166DAF764CC1}.Net451|Any CPU.Build.0 = Release|Any CPU
		{2E5BF6AC-99EB-48C7-A54C-166DAF764CC1}.Net451|Mixed Platforms.ActiveCfg = Release|x86
		{2E5BF6AC-99EB-48C7-A54C-166DAF764CC1}.Net451|Mixed Platforms.Build.0 = Release|x86
		{2E5BF6AC-99EB-48C7-A54C-166DAF764CC1}.Net451|x64.ActiveCfg = Release|x64
		{2E5BF6AC-99EB-48C7-A54C-166DAF764CC1}.Net451|x64.Build.0 = Release|x64
		{2E5BF6AC-99EB-48C7-A54C-166DAF764CC1}.Net451|x86.ActiveCfg = Release|x86
		{2E5BF6AC-99EB-48C7-A54C-166DAF764CC1}.Net451|x86.Build.0 = Release|x86
		{2E5BF6AC-99EB-48C7-A54C-166DAF764CC1}.Release|Any CPU.ActiveCfg = Release|Any CPU
		{2E5BF6AC-99EB-48C7-A54C-166DAF764CC1}.Release|Mixed Platforms.ActiveCfg = Release|Any CPU
		{2E5BF6AC-99EB-48C7-A54C-166DAF764CC1}.Release|Mixed Platforms.Build.0 = Release|Any CPU
		{2E5BF6AC-99EB-48C7-A54C-166DAF764CC1}.Release|x64.ActiveCfg = Release|x64
		{2E5BF6AC-99EB-48C7-A54C-166DAF764CC1}.Release|x64.Build.0 = Release|x64
		{2E5BF6AC-99EB-48C7-A54C-166DAF764CC1}.Release|x86.ActiveCfg = Release|x86
		{2E5BF6AC-99EB-48C7-A54C-166DAF764CC1}.Release|x86.Build.0 = Release|x86
		{937FD4F3-1173-4A23-8DFA-2ABC2C3B27C9}.Debug|Any CPU.ActiveCfg = Debug|Any CPU
		{937FD4F3-1173-4A23-8DFA-2ABC2C3B27C9}.Debug|Any CPU.Build.0 = Debug|Any CPU
		{937FD4F3-1173-4A23-8DFA-2ABC2C3B27C9}.Debug|Mixed Platforms.ActiveCfg = Debug|Any CPU
		{937FD4F3-1173-4A23-8DFA-2ABC2C3B27C9}.Debug|Mixed Platforms.Build.0 = Debug|Any CPU
		{937FD4F3-1173-4A23-8DFA-2ABC2C3B27C9}.Debug|x64.ActiveCfg = Debug|x64
		{937FD4F3-1173-4A23-8DFA-2ABC2C3B27C9}.Debug|x64.Build.0 = Debug|x64
		{937FD4F3-1173-4A23-8DFA-2ABC2C3B27C9}.Debug|x86.ActiveCfg = Debug|x86
		{937FD4F3-1173-4A23-8DFA-2ABC2C3B27C9}.Debug|x86.Build.0 = Debug|x86
		{937FD4F3-1173-4A23-8DFA-2ABC2C3B27C9}.Net35 Debug|Any CPU.ActiveCfg = Debug|Any CPU
		{937FD4F3-1173-4A23-8DFA-2ABC2C3B27C9}.Net35 Debug|Any CPU.Build.0 = Debug|Any CPU
		{937FD4F3-1173-4A23-8DFA-2ABC2C3B27C9}.Net35 Debug|Mixed Platforms.ActiveCfg = Debug|x86
		{937FD4F3-1173-4A23-8DFA-2ABC2C3B27C9}.Net35 Debug|Mixed Platforms.Build.0 = Debug|x86
		{937FD4F3-1173-4A23-8DFA-2ABC2C3B27C9}.Net35 Debug|x64.ActiveCfg = Debug|x64
		{937FD4F3-1173-4A23-8DFA-2ABC2C3B27C9}.Net35 Debug|x64.Build.0 = Debug|x64
		{937FD4F3-1173-4A23-8DFA-2ABC2C3B27C9}.Net35 Debug|x86.ActiveCfg = Debug|x86
		{937FD4F3-1173-4A23-8DFA-2ABC2C3B27C9}.Net35 Debug|x86.Build.0 = Debug|x86
		{937FD4F3-1173-4A23-8DFA-2ABC2C3B27C9}.Net35|Any CPU.ActiveCfg = Release|Any CPU
		{937FD4F3-1173-4A23-8DFA-2ABC2C3B27C9}.Net35|Any CPU.Build.0 = Release|Any CPU
		{937FD4F3-1173-4A23-8DFA-2ABC2C3B27C9}.Net35|Mixed Platforms.ActiveCfg = Release|x86
		{937FD4F3-1173-4A23-8DFA-2ABC2C3B27C9}.Net35|Mixed Platforms.Build.0 = Release|x86
		{937FD4F3-1173-4A23-8DFA-2ABC2C3B27C9}.Net35|x64.ActiveCfg = Release|x64
		{937FD4F3-1173-4A23-8DFA-2ABC2C3B27C9}.Net35|x64.Build.0 = Release|x64
		{937FD4F3-1173-4A23-8DFA-2ABC2C3B27C9}.Net35|x86.ActiveCfg = Release|x86
		{937FD4F3-1173-4A23-8DFA-2ABC2C3B27C9}.Net35|x86.Build.0 = Release|x86
		{937FD4F3-1173-4A23-8DFA-2ABC2C3B27C9}.Net40 Debug|Any CPU.ActiveCfg = Debug|Any CPU
		{937FD4F3-1173-4A23-8DFA-2ABC2C3B27C9}.Net40 Debug|Any CPU.Build.0 = Debug|Any CPU
		{937FD4F3-1173-4A23-8DFA-2ABC2C3B27C9}.Net40 Debug|Mixed Platforms.ActiveCfg = Debug|x86
		{937FD4F3-1173-4A23-8DFA-2ABC2C3B27C9}.Net40 Debug|Mixed Platforms.Build.0 = Debug|x86
		{937FD4F3-1173-4A23-8DFA-2ABC2C3B27C9}.Net40 Debug|x64.ActiveCfg = Debug|x64
		{937FD4F3-1173-4A23-8DFA-2ABC2C3B27C9}.Net40 Debug|x64.Build.0 = Debug|x64
		{937FD4F3-1173-4A23-8DFA-2ABC2C3B27C9}.Net40 Debug|x86.ActiveCfg = Debug|x86
		{937FD4F3-1173-4A23-8DFA-2ABC2C3B27C9}.Net40 Debug|x86.Build.0 = Debug|x86
		{937FD4F3-1173-4A23-8DFA-2ABC2C3B27C9}.Net40|Any CPU.ActiveCfg = Release|Any CPU
		{937FD4F3-1173-4A23-8DFA-2ABC2C3B27C9}.Net40|Any CPU.Build.0 = Release|Any CPU
		{937FD4F3-1173-4A23-8DFA-2ABC2C3B27C9}.Net40|Mixed Platforms.ActiveCfg = Release|x86
		{937FD4F3-1173-4A23-8DFA-2ABC2C3B27C9}.Net40|Mixed Platforms.Build.0 = Release|x86
		{937FD4F3-1173-4A23-8DFA-2ABC2C3B27C9}.Net40|x64.ActiveCfg = Release|x64
		{937FD4F3-1173-4A23-8DFA-2ABC2C3B27C9}.Net40|x64.Build.0 = Release|x64
		{937FD4F3-1173-4A23-8DFA-2ABC2C3B27C9}.Net40|x86.ActiveCfg = Release|x86
		{937FD4F3-1173-4A23-8DFA-2ABC2C3B27C9}.Net40|x86.Build.0 = Release|x86
		{937FD4F3-1173-4A23-8DFA-2ABC2C3B27C9}.Net45 Debug|Any CPU.ActiveCfg = Debug|Any CPU
		{937FD4F3-1173-4A23-8DFA-2ABC2C3B27C9}.Net45 Debug|Any CPU.Build.0 = Debug|Any CPU
		{937FD4F3-1173-4A23-8DFA-2ABC2C3B27C9}.Net45 Debug|Mixed Platforms.ActiveCfg = Debug|x86
		{937FD4F3-1173-4A23-8DFA-2ABC2C3B27C9}.Net45 Debug|Mixed Platforms.Build.0 = Debug|x86
		{937FD4F3-1173-4A23-8DFA-2ABC2C3B27C9}.Net45 Debug|x64.ActiveCfg = Debug|x64
		{937FD4F3-1173-4A23-8DFA-2ABC2C3B27C9}.Net45 Debug|x64.Build.0 = Debug|x64
		{937FD4F3-1173-4A23-8DFA-2ABC2C3B27C9}.Net45 Debug|x86.ActiveCfg = Debug|x86
		{937FD4F3-1173-4A23-8DFA-2ABC2C3B27C9}.Net45 Debug|x86.Build.0 = Debug|x86
		{937FD4F3-1173-4A23-8DFA-2ABC2C3B27C9}.Net45|Any CPU.ActiveCfg = Release|Any CPU
		{937FD4F3-1173-4A23-8DFA-2ABC2C3B27C9}.Net45|Any CPU.Build.0 = Release|Any CPU
		{937FD4F3-1173-4A23-8DFA-2ABC2C3B27C9}.Net45|Mixed Platforms.ActiveCfg = Release|x86
		{937FD4F3-1173-4A23-8DFA-2ABC2C3B27C9}.Net45|Mixed Platforms.Build.0 = Release|x86
		{937FD4F3-1173-4A23-8DFA-2ABC2C3B27C9}.Net45|x64.ActiveCfg = Release|x64
		{937FD4F3-1173-4A23-8DFA-2ABC2C3B27C9}.Net45|x64.Build.0 = Release|x64
		{937FD4F3-1173-4A23-8DFA-2ABC2C3B27C9}.Net45|x86.ActiveCfg = Release|x86
		{937FD4F3-1173-4A23-8DFA-2ABC2C3B27C9}.Net45|x86.Build.0 = Release|x86
		{937FD4F3-1173-4A23-8DFA-2ABC2C3B27C9}.Net451 Debug|Any CPU.ActiveCfg = Debug|Any CPU
		{937FD4F3-1173-4A23-8DFA-2ABC2C3B27C9}.Net451 Debug|Any CPU.Build.0 = Debug|Any CPU
		{937FD4F3-1173-4A23-8DFA-2ABC2C3B27C9}.Net451 Debug|Mixed Platforms.ActiveCfg = Debug|x86
		{937FD4F3-1173-4A23-8DFA-2ABC2C3B27C9}.Net451 Debug|Mixed Platforms.Build.0 = Debug|x86
		{937FD4F3-1173-4A23-8DFA-2ABC2C3B27C9}.Net451 Debug|x64.ActiveCfg = Debug|x64
		{937FD4F3-1173-4A23-8DFA-2ABC2C3B27C9}.Net451 Debug|x64.Build.0 = Debug|x64
		{937FD4F3-1173-4A23-8DFA-2ABC2C3B27C9}.Net451 Debug|x86.ActiveCfg = Debug|x86
		{937FD4F3-1173-4A23-8DFA-2ABC2C3B27C9}.Net451 Debug|x86.Build.0 = Debug|x86
		{937FD4F3-1173-4A23-8DFA-2ABC2C3B27C9}.Net451|Any CPU.ActiveCfg = Release|Any CPU
		{937FD4F3-1173-4A23-8DFA-2ABC2C3B27C9}.Net451|Any CPU.Build.0 = Release|Any CPU
		{937FD4F3-1173-4A23-8DFA-2ABC2C3B27C9}.Net451|Mixed Platforms.ActiveCfg = Release|x86
		{937FD4F3-1173-4A23-8DFA-2ABC2C3B27C9}.Net451|Mixed Platforms.Build.0 = Release|x86
		{937FD4F3-1173-4A23-8DFA-2ABC2C3B27C9}.Net451|x64.ActiveCfg = Release|x64
		{937FD4F3-1173-4A23-8DFA-2ABC2C3B27C9}.Net451|x64.Build.0 = Release|x64
		{937FD4F3-1173-4A23-8DFA-2ABC2C3B27C9}.Net451|x86.ActiveCfg = Release|x86
		{937FD4F3-1173-4A23-8DFA-2ABC2C3B27C9}.Net451|x86.Build.0 = Release|x86
		{937FD4F3-1173-4A23-8DFA-2ABC2C3B27C9}.Release|Any CPU.ActiveCfg = Release|Any CPU
		{937FD4F3-1173-4A23-8DFA-2ABC2C3B27C9}.Release|Any CPU.Build.0 = Release|Any CPU
		{937FD4F3-1173-4A23-8DFA-2ABC2C3B27C9}.Release|Mixed Platforms.ActiveCfg = Release|Any CPU
		{937FD4F3-1173-4A23-8DFA-2ABC2C3B27C9}.Release|Mixed Platforms.Build.0 = Release|Any CPU
		{937FD4F3-1173-4A23-8DFA-2ABC2C3B27C9}.Release|x64.ActiveCfg = Release|x64
		{937FD4F3-1173-4A23-8DFA-2ABC2C3B27C9}.Release|x64.Build.0 = Release|x64
		{937FD4F3-1173-4A23-8DFA-2ABC2C3B27C9}.Release|x86.ActiveCfg = Release|x86
		{937FD4F3-1173-4A23-8DFA-2ABC2C3B27C9}.Release|x86.Build.0 = Release|x86
		{B0503673-6BE6-4A94-AC49-C1761113EF0B}.Debug|Any CPU.ActiveCfg = Debug|Any CPU
		{B0503673-6BE6-4A94-AC49-C1761113EF0B}.Debug|Any CPU.Build.0 = Debug|Any CPU
		{B0503673-6BE6-4A94-AC49-C1761113EF0B}.Debug|Mixed Platforms.ActiveCfg = Debug|Any CPU
		{B0503673-6BE6-4A94-AC49-C1761113EF0B}.Debug|Mixed Platforms.Build.0 = Debug|Any CPU
		{B0503673-6BE6-4A94-AC49-C1761113EF0B}.Debug|x64.ActiveCfg = Debug|x64
		{B0503673-6BE6-4A94-AC49-C1761113EF0B}.Debug|x64.Build.0 = Debug|x64
		{B0503673-6BE6-4A94-AC49-C1761113EF0B}.Debug|x86.ActiveCfg = Debug|x86
		{B0503673-6BE6-4A94-AC49-C1761113EF0B}.Debug|x86.Build.0 = Debug|x86
		{B0503673-6BE6-4A94-AC49-C1761113EF0B}.Net35 Debug|Any CPU.ActiveCfg = Debug|Any CPU
		{B0503673-6BE6-4A94-AC49-C1761113EF0B}.Net35 Debug|Any CPU.Build.0 = Debug|Any CPU
		{B0503673-6BE6-4A94-AC49-C1761113EF0B}.Net35 Debug|Mixed Platforms.ActiveCfg = Debug|x86
		{B0503673-6BE6-4A94-AC49-C1761113EF0B}.Net35 Debug|Mixed Platforms.Build.0 = Debug|x86
		{B0503673-6BE6-4A94-AC49-C1761113EF0B}.Net35 Debug|x64.ActiveCfg = Debug|x64
		{B0503673-6BE6-4A94-AC49-C1761113EF0B}.Net35 Debug|x64.Build.0 = Debug|x64
		{B0503673-6BE6-4A94-AC49-C1761113EF0B}.Net35 Debug|x86.ActiveCfg = Debug|x86
		{B0503673-6BE6-4A94-AC49-C1761113EF0B}.Net35 Debug|x86.Build.0 = Debug|x86
		{B0503673-6BE6-4A94-AC49-C1761113EF0B}.Net35|Any CPU.ActiveCfg = Release|Any CPU
		{B0503673-6BE6-4A94-AC49-C1761113EF0B}.Net35|Any CPU.Build.0 = Release|Any CPU
		{B0503673-6BE6-4A94-AC49-C1761113EF0B}.Net35|Mixed Platforms.ActiveCfg = Release|x86
		{B0503673-6BE6-4A94-AC49-C1761113EF0B}.Net35|Mixed Platforms.Build.0 = Release|x86
		{B0503673-6BE6-4A94-AC49-C1761113EF0B}.Net35|x64.ActiveCfg = Release|x64
		{B0503673-6BE6-4A94-AC49-C1761113EF0B}.Net35|x64.Build.0 = Release|x64
		{B0503673-6BE6-4A94-AC49-C1761113EF0B}.Net35|x86.ActiveCfg = Release|x86
		{B0503673-6BE6-4A94-AC49-C1761113EF0B}.Net35|x86.Build.0 = Release|x86
		{B0503673-6BE6-4A94-AC49-C1761113EF0B}.Net40 Debug|Any CPU.ActiveCfg = Debug|Any CPU
		{B0503673-6BE6-4A94-AC49-C1761113EF0B}.Net40 Debug|Any CPU.Build.0 = Debug|Any CPU
		{B0503673-6BE6-4A94-AC49-C1761113EF0B}.Net40 Debug|Mixed Platforms.ActiveCfg = Debug|x86
		{B0503673-6BE6-4A94-AC49-C1761113EF0B}.Net40 Debug|Mixed Platforms.Build.0 = Debug|x86
		{B0503673-6BE6-4A94-AC49-C1761113EF0B}.Net40 Debug|x64.ActiveCfg = Debug|x64
		{B0503673-6BE6-4A94-AC49-C1761113EF0B}.Net40 Debug|x64.Build.0 = Debug|x64
		{B0503673-6BE6-4A94-AC49-C1761113EF0B}.Net40 Debug|x86.ActiveCfg = Debug|x86
		{B0503673-6BE6-4A94-AC49-C1761113EF0B}.Net40 Debug|x86.Build.0 = Debug|x86
		{B0503673-6BE6-4A94-AC49-C1761113EF0B}.Net40|Any CPU.ActiveCfg = Release|Any CPU
		{B0503673-6BE6-4A94-AC49-C1761113EF0B}.Net40|Any CPU.Build.0 = Release|Any CPU
		{B0503673-6BE6-4A94-AC49-C1761113EF0B}.Net40|Mixed Platforms.ActiveCfg = Release|x86
		{B0503673-6BE6-4A94-AC49-C1761113EF0B}.Net40|Mixed Platforms.Build.0 = Release|x86
		{B0503673-6BE6-4A94-AC49-C1761113EF0B}.Net40|x64.ActiveCfg = Release|x64
		{B0503673-6BE6-4A94-AC49-C1761113EF0B}.Net40|x64.Build.0 = Release|x64
		{B0503673-6BE6-4A94-AC49-C1761113EF0B}.Net40|x86.ActiveCfg = Release|x86
		{B0503673-6BE6-4A94-AC49-C1761113EF0B}.Net40|x86.Build.0 = Release|x86
		{B0503673-6BE6-4A94-AC49-C1761113EF0B}.Net45 Debug|Any CPU.ActiveCfg = Debug|Any CPU
		{B0503673-6BE6-4A94-AC49-C1761113EF0B}.Net45 Debug|Any CPU.Build.0 = Debug|Any CPU
		{B0503673-6BE6-4A94-AC49-C1761113EF0B}.Net45 Debug|Mixed Platforms.ActiveCfg = Debug|x86
		{B0503673-6BE6-4A94-AC49-C1761113EF0B}.Net45 Debug|Mixed Platforms.Build.0 = Debug|x86
		{B0503673-6BE6-4A94-AC49-C1761113EF0B}.Net45 Debug|x64.ActiveCfg = Debug|x64
		{B0503673-6BE6-4A94-AC49-C1761113EF0B}.Net45 Debug|x64.Build.0 = Debug|x64
		{B0503673-6BE6-4A94-AC49-C1761113EF0B}.Net45 Debug|x86.ActiveCfg = Debug|x86
		{B0503673-6BE6-4A94-AC49-C1761113EF0B}.Net45 Debug|x86.Build.0 = Debug|x86
		{B0503673-6BE6-4A94-AC49-C1761113EF0B}.Net45|Any CPU.ActiveCfg = Release|Any CPU
		{B0503673-6BE6-4A94-AC49-C1761113EF0B}.Net45|Any CPU.Build.0 = Release|Any CPU
		{B0503673-6BE6-4A94-AC49-C1761113EF0B}.Net45|Mixed Platforms.ActiveCfg = Release|x86
		{B0503673-6BE6-4A94-AC49-C1761113EF0B}.Net45|Mixed Platforms.Build.0 = Release|x86
		{B0503673-6BE6-4A94-AC49-C1761113EF0B}.Net45|x64.ActiveCfg = Release|x64
		{B0503673-6BE6-4A94-AC49-C1761113EF0B}.Net45|x64.Build.0 = Release|x64
		{B0503673-6BE6-4A94-AC49-C1761113EF0B}.Net45|x86.ActiveCfg = Release|x86
		{B0503673-6BE6-4A94-AC49-C1761113EF0B}.Net45|x86.Build.0 = Release|x86
		{B0503673-6BE6-4A94-AC49-C1761113EF0B}.Net451 Debug|Any CPU.ActiveCfg = Debug|Any CPU
		{B0503673-6BE6-4A94-AC49-C1761113EF0B}.Net451 Debug|Any CPU.Build.0 = Debug|Any CPU
		{B0503673-6BE6-4A94-AC49-C1761113EF0B}.Net451 Debug|Mixed Platforms.ActiveCfg = Debug|x86
		{B0503673-6BE6-4A94-AC49-C1761113EF0B}.Net451 Debug|Mixed Platforms.Build.0 = Debug|x86
		{B0503673-6BE6-4A94-AC49-C1761113EF0B}.Net451 Debug|x64.ActiveCfg = Debug|x64
		{B0503673-6BE6-4A94-AC49-C1761113EF0B}.Net451 Debug|x64.Build.0 = Debug|x64
		{B0503673-6BE6-4A94-AC49-C1761113EF0B}.Net451 Debug|x86.ActiveCfg = Debug|x86
		{B0503673-6BE6-4A94-AC49-C1761113EF0B}.Net451 Debug|x86.Build.0 = Debug|x86
		{B0503673-6BE6-4A94-AC49-C1761113EF0B}.Net451|Any CPU.ActiveCfg = Release|Any CPU
		{B0503673-6BE6-4A94-AC49-C1761113EF0B}.Net451|Any CPU.Build.0 = Release|Any CPU
		{B0503673-6BE6-4A94-AC49-C1761113EF0B}.Net451|Mixed Platforms.ActiveCfg = Release|x86
		{B0503673-6BE6-4A94-AC49-C1761113EF0B}.Net451|Mixed Platforms.Build.0 = Release|x86
		{B0503673-6BE6-4A94-AC49-C1761113EF0B}.Net451|x64.ActiveCfg = Release|x64
		{B0503673-6BE6-4A94-AC49-C1761113EF0B}.Net451|x64.Build.0 = Release|x64
		{B0503673-6BE6-4A94-AC49-C1761113EF0B}.Net451|x86.ActiveCfg = Release|x86
		{B0503673-6BE6-4A94-AC49-C1761113EF0B}.Net451|x86.Build.0 = Release|x86
		{B0503673-6BE6-4A94-AC49-C1761113EF0B}.Release|Any CPU.ActiveCfg = Release|Any CPU
		{B0503673-6BE6-4A94-AC49-C1761113EF0B}.Release|Any CPU.Build.0 = Release|Any CPU
		{B0503673-6BE6-4A94-AC49-C1761113EF0B}.Release|Mixed Platforms.ActiveCfg = Release|Any CPU
		{B0503673-6BE6-4A94-AC49-C1761113EF0B}.Release|Mixed Platforms.Build.0 = Release|Any CPU
		{B0503673-6BE6-4A94-AC49-C1761113EF0B}.Release|x64.ActiveCfg = Release|x64
		{B0503673-6BE6-4A94-AC49-C1761113EF0B}.Release|x64.Build.0 = Release|x64
		{B0503673-6BE6-4A94-AC49-C1761113EF0B}.Release|x86.ActiveCfg = Release|x86
		{B0503673-6BE6-4A94-AC49-C1761113EF0B}.Release|x86.Build.0 = Release|x86
		{AC6AD3DF-47A6-4A55-8EF5-3872E75D6A36}.Debug|Any CPU.ActiveCfg = Debug|Any CPU
		{AC6AD3DF-47A6-4A55-8EF5-3872E75D6A36}.Debug|Any CPU.Build.0 = Debug|Any CPU
		{AC6AD3DF-47A6-4A55-8EF5-3872E75D6A36}.Debug|Mixed Platforms.ActiveCfg = Debug|x86
		{AC6AD3DF-47A6-4A55-8EF5-3872E75D6A36}.Debug|Mixed Platforms.Build.0 = Debug|x86
		{AC6AD3DF-47A6-4A55-8EF5-3872E75D6A36}.Debug|x64.ActiveCfg = Debug|x64
		{AC6AD3DF-47A6-4A55-8EF5-3872E75D6A36}.Debug|x64.Build.0 = Debug|x64
		{AC6AD3DF-47A6-4A55-8EF5-3872E75D6A36}.Debug|x86.ActiveCfg = Debug|x86
		{AC6AD3DF-47A6-4A55-8EF5-3872E75D6A36}.Debug|x86.Build.0 = Debug|x86
		{AC6AD3DF-47A6-4A55-8EF5-3872E75D6A36}.Net35 Debug|Any CPU.ActiveCfg = Debug|Any CPU
		{AC6AD3DF-47A6-4A55-8EF5-3872E75D6A36}.Net35 Debug|Any CPU.Build.0 = Debug|Any CPU
		{AC6AD3DF-47A6-4A55-8EF5-3872E75D6A36}.Net35 Debug|Mixed Platforms.ActiveCfg = Debug|x86
		{AC6AD3DF-47A6-4A55-8EF5-3872E75D6A36}.Net35 Debug|Mixed Platforms.Build.0 = Debug|x86
		{AC6AD3DF-47A6-4A55-8EF5-3872E75D6A36}.Net35 Debug|x64.ActiveCfg = Debug|x64
		{AC6AD3DF-47A6-4A55-8EF5-3872E75D6A36}.Net35 Debug|x64.Build.0 = Debug|x64
		{AC6AD3DF-47A6-4A55-8EF5-3872E75D6A36}.Net35 Debug|x86.ActiveCfg = Debug|x86
		{AC6AD3DF-47A6-4A55-8EF5-3872E75D6A36}.Net35 Debug|x86.Build.0 = Debug|x86
		{AC6AD3DF-47A6-4A55-8EF5-3872E75D6A36}.Net35|Any CPU.ActiveCfg = Release|Any CPU
		{AC6AD3DF-47A6-4A55-8EF5-3872E75D6A36}.Net35|Any CPU.Build.0 = Release|Any CPU
		{AC6AD3DF-47A6-4A55-8EF5-3872E75D6A36}.Net35|Mixed Platforms.ActiveCfg = Release|x86
		{AC6AD3DF-47A6-4A55-8EF5-3872E75D6A36}.Net35|Mixed Platforms.Build.0 = Release|x86
		{AC6AD3DF-47A6-4A55-8EF5-3872E75D6A36}.Net35|x64.ActiveCfg = Release|x64
		{AC6AD3DF-47A6-4A55-8EF5-3872E75D6A36}.Net35|x64.Build.0 = Release|x64
		{AC6AD3DF-47A6-4A55-8EF5-3872E75D6A36}.Net35|x86.ActiveCfg = Release|x86
		{AC6AD3DF-47A6-4A55-8EF5-3872E75D6A36}.Net35|x86.Build.0 = Release|x86
		{AC6AD3DF-47A6-4A55-8EF5-3872E75D6A36}.Net40 Debug|Any CPU.ActiveCfg = Debug|Any CPU
		{AC6AD3DF-47A6-4A55-8EF5-3872E75D6A36}.Net40 Debug|Any CPU.Build.0 = Debug|Any CPU
		{AC6AD3DF-47A6-4A55-8EF5-3872E75D6A36}.Net40 Debug|Mixed Platforms.ActiveCfg = Debug|x86
		{AC6AD3DF-47A6-4A55-8EF5-3872E75D6A36}.Net40 Debug|Mixed Platforms.Build.0 = Debug|x86
		{AC6AD3DF-47A6-4A55-8EF5-3872E75D6A36}.Net40 Debug|x64.ActiveCfg = Debug|x64
		{AC6AD3DF-47A6-4A55-8EF5-3872E75D6A36}.Net40 Debug|x64.Build.0 = Debug|x64
		{AC6AD3DF-47A6-4A55-8EF5-3872E75D6A36}.Net40 Debug|x86.ActiveCfg = Debug|x86
		{AC6AD3DF-47A6-4A55-8EF5-3872E75D6A36}.Net40 Debug|x86.Build.0 = Debug|x86
		{AC6AD3DF-47A6-4A55-8EF5-3872E75D6A36}.Net40|Any CPU.ActiveCfg = Release|Any CPU
		{AC6AD3DF-47A6-4A55-8EF5-3872E75D6A36}.Net40|Any CPU.Build.0 = Release|Any CPU
		{AC6AD3DF-47A6-4A55-8EF5-3872E75D6A36}.Net40|Mixed Platforms.ActiveCfg = Release|x86
		{AC6AD3DF-47A6-4A55-8EF5-3872E75D6A36}.Net40|Mixed Platforms.Build.0 = Release|x86
		{AC6AD3DF-47A6-4A55-8EF5-3872E75D6A36}.Net40|x64.ActiveCfg = Release|x64
		{AC6AD3DF-47A6-4A55-8EF5-3872E75D6A36}.Net40|x64.Build.0 = Release|x64
		{AC6AD3DF-47A6-4A55-8EF5-3872E75D6A36}.Net40|x86.ActiveCfg = Release|x86
		{AC6AD3DF-47A6-4A55-8EF5-3872E75D6A36}.Net40|x86.Build.0 = Release|x86
		{AC6AD3DF-47A6-4A55-8EF5-3872E75D6A36}.Net45 Debug|Any CPU.ActiveCfg = Debug|Any CPU
		{AC6AD3DF-47A6-4A55-8EF5-3872E75D6A36}.Net45 Debug|Any CPU.Build.0 = Debug|Any CPU
		{AC6AD3DF-47A6-4A55-8EF5-3872E75D6A36}.Net45 Debug|Mixed Platforms.ActiveCfg = Debug|x86
		{AC6AD3DF-47A6-4A55-8EF5-3872E75D6A36}.Net45 Debug|Mixed Platforms.Build.0 = Debug|x86
		{AC6AD3DF-47A6-4A55-8EF5-3872E75D6A36}.Net45 Debug|x64.ActiveCfg = Debug|x64
		{AC6AD3DF-47A6-4A55-8EF5-3872E75D6A36}.Net45 Debug|x64.Build.0 = Debug|x64
		{AC6AD3DF-47A6-4A55-8EF5-3872E75D6A36}.Net45 Debug|x86.ActiveCfg = Debug|x86
		{AC6AD3DF-47A6-4A55-8EF5-3872E75D6A36}.Net45 Debug|x86.Build.0 = Debug|x86
		{AC6AD3DF-47A6-4A55-8EF5-3872E75D6A36}.Net45|Any CPU.ActiveCfg = Release|Any CPU
		{AC6AD3DF-47A6-4A55-8EF5-3872E75D6A36}.Net45|Any CPU.Build.0 = Release|Any CPU
		{AC6AD3DF-47A6-4A55-8EF5-3872E75D6A36}.Net45|Mixed Platforms.ActiveCfg = Release|x86
		{AC6AD3DF-47A6-4A55-8EF5-3872E75D6A36}.Net45|Mixed Platforms.Build.0 = Release|x86
		{AC6AD3DF-47A6-4A55-8EF5-3872E75D6A36}.Net45|x64.ActiveCfg = Release|x64
		{AC6AD3DF-47A6-4A55-8EF5-3872E75D6A36}.Net45|x64.Build.0 = Release|x64
		{AC6AD3DF-47A6-4A55-8EF5-3872E75D6A36}.Net45|x86.ActiveCfg = Release|x86
		{AC6AD3DF-47A6-4A55-8EF5-3872E75D6A36}.Net45|x86.Build.0 = Release|x86
		{AC6AD3DF-47A6-4A55-8EF5-3872E75D6A36}.Net451 Debug|Any CPU.ActiveCfg = Debug|Any CPU
		{AC6AD3DF-47A6-4A55-8EF5-3872E75D6A36}.Net451 Debug|Any CPU.Build.0 = Debug|Any CPU
		{AC6AD3DF-47A6-4A55-8EF5-3872E75D6A36}.Net451 Debug|Mixed Platforms.ActiveCfg = Debug|x86
		{AC6AD3DF-47A6-4A55-8EF5-3872E75D6A36}.Net451 Debug|Mixed Platforms.Build.0 = Debug|x86
		{AC6AD3DF-47A6-4A55-8EF5-3872E75D6A36}.Net451 Debug|x64.ActiveCfg = Debug|x64
		{AC6AD3DF-47A6-4A55-8EF5-3872E75D6A36}.Net451 Debug|x64.Build.0 = Debug|x64
		{AC6AD3DF-47A6-4A55-8EF5-3872E75D6A36}.Net451 Debug|x86.ActiveCfg = Debug|x86
		{AC6AD3DF-47A6-4A55-8EF5-3872E75D6A36}.Net451 Debug|x86.Build.0 = Debug|x86
		{AC6AD3DF-47A6-4A55-8EF5-3872E75D6A36}.Net451|Any CPU.ActiveCfg = Release|Any CPU
		{AC6AD3DF-47A6-4A55-8EF5-3872E75D6A36}.Net451|Any CPU.Build.0 = Release|Any CPU
		{AC6AD3DF-47A6-4A55-8EF5-3872E75D6A36}.Net451|Mixed Platforms.ActiveCfg = Release|x86
		{AC6AD3DF-47A6-4A55-8EF5-3872E75D6A36}.Net451|Mixed Platforms.Build.0 = Release|x86
		{AC6AD3DF-47A6-4A55-8EF5-3872E75D6A36}.Net451|x64.ActiveCfg = Release|x64
		{AC6AD3DF-47A6-4A55-8EF5-3872E75D6A36}.Net451|x64.Build.0 = Release|x64
		{AC6AD3DF-47A6-4A55-8EF5-3872E75D6A36}.Net451|x86.ActiveCfg = Release|x86
		{AC6AD3DF-47A6-4A55-8EF5-3872E75D6A36}.Net451|x86.Build.0 = Release|x86
		{AC6AD3DF-47A6-4A55-8EF5-3872E75D6A36}.Release|Any CPU.ActiveCfg = Release|Any CPU
		{AC6AD3DF-47A6-4A55-8EF5-3872E75D6A36}.Release|Any CPU.Build.0 = Release|Any CPU
		{AC6AD3DF-47A6-4A55-8EF5-3872E75D6A36}.Release|Mixed Platforms.ActiveCfg = Release|x86
		{AC6AD3DF-47A6-4A55-8EF5-3872E75D6A36}.Release|Mixed Platforms.Build.0 = Release|x86
		{AC6AD3DF-47A6-4A55-8EF5-3872E75D6A36}.Release|x64.ActiveCfg = Release|x64
		{AC6AD3DF-47A6-4A55-8EF5-3872E75D6A36}.Release|x64.Build.0 = Release|x64
		{AC6AD3DF-47A6-4A55-8EF5-3872E75D6A36}.Release|x86.ActiveCfg = Release|x86
		{AC6AD3DF-47A6-4A55-8EF5-3872E75D6A36}.Release|x86.Build.0 = Release|x86
		{2A5FB24C-BF9D-4920-8BF9-C28448E05C97}.Debug|Any CPU.ActiveCfg = Debug|Any CPU
		{2A5FB24C-BF9D-4920-8BF9-C28448E05C97}.Debug|Any CPU.Build.0 = Debug|Any CPU
		{2A5FB24C-BF9D-4920-8BF9-C28448E05C97}.Debug|Mixed Platforms.ActiveCfg = Debug|Any CPU
		{2A5FB24C-BF9D-4920-8BF9-C28448E05C97}.Debug|Mixed Platforms.Build.0 = Debug|Any CPU
		{2A5FB24C-BF9D-4920-8BF9-C28448E05C97}.Debug|x64.ActiveCfg = Debug|x64
		{2A5FB24C-BF9D-4920-8BF9-C28448E05C97}.Debug|x64.Build.0 = Debug|x64
		{2A5FB24C-BF9D-4920-8BF9-C28448E05C97}.Debug|x86.ActiveCfg = Debug|x86
		{2A5FB24C-BF9D-4920-8BF9-C28448E05C97}.Debug|x86.Build.0 = Debug|x86
		{2A5FB24C-BF9D-4920-8BF9-C28448E05C97}.Net35 Debug|Any CPU.ActiveCfg = Debug|Any CPU
		{2A5FB24C-BF9D-4920-8BF9-C28448E05C97}.Net35 Debug|Any CPU.Build.0 = Debug|Any CPU
		{2A5FB24C-BF9D-4920-8BF9-C28448E05C97}.Net35 Debug|Mixed Platforms.ActiveCfg = Debug|x86
		{2A5FB24C-BF9D-4920-8BF9-C28448E05C97}.Net35 Debug|Mixed Platforms.Build.0 = Debug|x86
		{2A5FB24C-BF9D-4920-8BF9-C28448E05C97}.Net35 Debug|x64.ActiveCfg = Debug|x64
		{2A5FB24C-BF9D-4920-8BF9-C28448E05C97}.Net35 Debug|x64.Build.0 = Debug|x64
		{2A5FB24C-BF9D-4920-8BF9-C28448E05C97}.Net35 Debug|x86.ActiveCfg = Debug|x86
		{2A5FB24C-BF9D-4920-8BF9-C28448E05C97}.Net35 Debug|x86.Build.0 = Debug|x86
		{2A5FB24C-BF9D-4920-8BF9-C28448E05C97}.Net35|Any CPU.ActiveCfg = Release|Any CPU
		{2A5FB24C-BF9D-4920-8BF9-C28448E05C97}.Net35|Any CPU.Build.0 = Release|Any CPU
		{2A5FB24C-BF9D-4920-8BF9-C28448E05C97}.Net35|Mixed Platforms.ActiveCfg = Release|x86
		{2A5FB24C-BF9D-4920-8BF9-C28448E05C97}.Net35|Mixed Platforms.Build.0 = Release|x86
		{2A5FB24C-BF9D-4920-8BF9-C28448E05C97}.Net35|x64.ActiveCfg = Release|x64
		{2A5FB24C-BF9D-4920-8BF9-C28448E05C97}.Net35|x64.Build.0 = Release|x64
		{2A5FB24C-BF9D-4920-8BF9-C28448E05C97}.Net35|x86.ActiveCfg = Release|x86
		{2A5FB24C-BF9D-4920-8BF9-C28448E05C97}.Net35|x86.Build.0 = Release|x86
		{2A5FB24C-BF9D-4920-8BF9-C28448E05C97}.Net40 Debug|Any CPU.ActiveCfg = Debug|Any CPU
		{2A5FB24C-BF9D-4920-8BF9-C28448E05C97}.Net40 Debug|Any CPU.Build.0 = Debug|Any CPU
		{2A5FB24C-BF9D-4920-8BF9-C28448E05C97}.Net40 Debug|Mixed Platforms.ActiveCfg = Debug|x86
		{2A5FB24C-BF9D-4920-8BF9-C28448E05C97}.Net40 Debug|Mixed Platforms.Build.0 = Debug|x86
		{2A5FB24C-BF9D-4920-8BF9-C28448E05C97}.Net40 Debug|x64.ActiveCfg = Debug|x64
		{2A5FB24C-BF9D-4920-8BF9-C28448E05C97}.Net40 Debug|x64.Build.0 = Debug|x64
		{2A5FB24C-BF9D-4920-8BF9-C28448E05C97}.Net40 Debug|x86.ActiveCfg = Debug|x86
		{2A5FB24C-BF9D-4920-8BF9-C28448E05C97}.Net40 Debug|x86.Build.0 = Debug|x86
		{2A5FB24C-BF9D-4920-8BF9-C28448E05C97}.Net40|Any CPU.ActiveCfg = Release|Any CPU
		{2A5FB24C-BF9D-4920-8BF9-C28448E05C97}.Net40|Any CPU.Build.0 = Release|Any CPU
		{2A5FB24C-BF9D-4920-8BF9-C28448E05C97}.Net40|Mixed Platforms.ActiveCfg = Release|x86
		{2A5FB24C-BF9D-4920-8BF9-C28448E05C97}.Net40|Mixed Platforms.Build.0 = Release|x86
		{2A5FB24C-BF9D-4920-8BF9-C28448E05C97}.Net40|x64.ActiveCfg = Release|x64
		{2A5FB24C-BF9D-4920-8BF9-C28448E05C97}.Net40|x64.Build.0 = Release|x64
		{2A5FB24C-BF9D-4920-8BF9-C28448E05C97}.Net40|x86.ActiveCfg = Release|x86
		{2A5FB24C-BF9D-4920-8BF9-C28448E05C97}.Net40|x86.Build.0 = Release|x86
		{2A5FB24C-BF9D-4920-8BF9-C28448E05C97}.Net45 Debug|Any CPU.ActiveCfg = Debug|Any CPU
		{2A5FB24C-BF9D-4920-8BF9-C28448E05C97}.Net45 Debug|Any CPU.Build.0 = Debug|Any CPU
		{2A5FB24C-BF9D-4920-8BF9-C28448E05C97}.Net45 Debug|Mixed Platforms.ActiveCfg = Debug|x86
		{2A5FB24C-BF9D-4920-8BF9-C28448E05C97}.Net45 Debug|Mixed Platforms.Build.0 = Debug|x86
		{2A5FB24C-BF9D-4920-8BF9-C28448E05C97}.Net45 Debug|x64.ActiveCfg = Debug|x64
		{2A5FB24C-BF9D-4920-8BF9-C28448E05C97}.Net45 Debug|x64.Build.0 = Debug|x64
		{2A5FB24C-BF9D-4920-8BF9-C28448E05C97}.Net45 Debug|x86.ActiveCfg = Debug|x86
		{2A5FB24C-BF9D-4920-8BF9-C28448E05C97}.Net45 Debug|x86.Build.0 = Debug|x86
		{2A5FB24C-BF9D-4920-8BF9-C28448E05C97}.Net45|Any CPU.ActiveCfg = Release|Any CPU
		{2A5FB24C-BF9D-4920-8BF9-C28448E05C97}.Net45|Any CPU.Build.0 = Release|Any CPU
		{2A5FB24C-BF9D-4920-8BF9-C28448E05C97}.Net45|Mixed Platforms.ActiveCfg = Release|x86
		{2A5FB24C-BF9D-4920-8BF9-C28448E05C97}.Net45|Mixed Platforms.Build.0 = Release|x86
		{2A5FB24C-BF9D-4920-8BF9-C28448E05C97}.Net45|x64.ActiveCfg = Release|x64
		{2A5FB24C-BF9D-4920-8BF9-C28448E05C97}.Net45|x64.Build.0 = Release|x64
		{2A5FB24C-BF9D-4920-8BF9-C28448E05C97}.Net45|x86.ActiveCfg = Release|x86
		{2A5FB24C-BF9D-4920-8BF9-C28448E05C97}.Net45|x86.Build.0 = Release|x86
		{2A5FB24C-BF9D-4920-8BF9-C28448E05C97}.Net451 Debug|Any CPU.ActiveCfg = Debug|Any CPU
		{2A5FB24C-BF9D-4920-8BF9-C28448E05C97}.Net451 Debug|Any CPU.Build.0 = Debug|Any CPU
		{2A5FB24C-BF9D-4920-8BF9-C28448E05C97}.Net451 Debug|Mixed Platforms.ActiveCfg = Debug|x86
		{2A5FB24C-BF9D-4920-8BF9-C28448E05C97}.Net451 Debug|Mixed Platforms.Build.0 = Debug|x86
		{2A5FB24C-BF9D-4920-8BF9-C28448E05C97}.Net451 Debug|x64.ActiveCfg = Debug|x64
		{2A5FB24C-BF9D-4920-8BF9-C28448E05C97}.Net451 Debug|x64.Build.0 = Debug|x64
		{2A5FB24C-BF9D-4920-8BF9-C28448E05C97}.Net451 Debug|x86.ActiveCfg = Debug|x86
		{2A5FB24C-BF9D-4920-8BF9-C28448E05C97}.Net451 Debug|x86.Build.0 = Debug|x86
		{2A5FB24C-BF9D-4920-8BF9-C28448E05C97}.Net451|Any CPU.ActiveCfg = Release|Any CPU
		{2A5FB24C-BF9D-4920-8BF9-C28448E05C97}.Net451|Any CPU.Build.0 = Release|Any CPU
		{2A5FB24C-BF9D-4920-8BF9-C28448E05C97}.Net451|Mixed Platforms.ActiveCfg = Release|x86
		{2A5FB24C-BF9D-4920-8BF9-C28448E05C97}.Net451|Mixed Platforms.Build.0 = Release|x86
		{2A5FB24C-BF9D-4920-8BF9-C28448E05C97}.Net451|x64.ActiveCfg = Release|x64
		{2A5FB24C-BF9D-4920-8BF9-C28448E05C97}.Net451|x64.Build.0 = Release|x64
		{2A5FB24C-BF9D-4920-8BF9-C28448E05C97}.Net451|x86.ActiveCfg = Release|x86
		{2A5FB24C-BF9D-4920-8BF9-C28448E05C97}.Net451|x86.Build.0 = Release|x86
		{2A5FB24C-BF9D-4920-8BF9-C28448E05C97}.Release|Any CPU.ActiveCfg = Release|Any CPU
		{2A5FB24C-BF9D-4920-8BF9-C28448E05C97}.Release|Any CPU.Build.0 = Release|Any CPU
		{2A5FB24C-BF9D-4920-8BF9-C28448E05C97}.Release|Mixed Platforms.ActiveCfg = Release|Any CPU
		{2A5FB24C-BF9D-4920-8BF9-C28448E05C97}.Release|Mixed Platforms.Build.0 = Release|Any CPU
		{2A5FB24C-BF9D-4920-8BF9-C28448E05C97}.Release|x64.ActiveCfg = Release|x64
		{2A5FB24C-BF9D-4920-8BF9-C28448E05C97}.Release|x64.Build.0 = Release|x64
		{2A5FB24C-BF9D-4920-8BF9-C28448E05C97}.Release|x86.ActiveCfg = Release|x86
		{2A5FB24C-BF9D-4920-8BF9-C28448E05C97}.Release|x86.Build.0 = Release|x86
		{E6317A7E-1E5F-46E7-89D0-0E66D0B4C481}.Debug|Any CPU.ActiveCfg = Debug|Any CPU
		{E6317A7E-1E5F-46E7-89D0-0E66D0B4C481}.Debug|Any CPU.Build.0 = Debug|Any CPU
		{E6317A7E-1E5F-46E7-89D0-0E66D0B4C481}.Debug|Mixed Platforms.ActiveCfg = Debug|Any CPU
		{E6317A7E-1E5F-46E7-89D0-0E66D0B4C481}.Debug|Mixed Platforms.Build.0 = Debug|Any CPU
		{E6317A7E-1E5F-46E7-89D0-0E66D0B4C481}.Debug|x64.ActiveCfg = Debug|x64
		{E6317A7E-1E5F-46E7-89D0-0E66D0B4C481}.Debug|x64.Build.0 = Debug|x64
		{E6317A7E-1E5F-46E7-89D0-0E66D0B4C481}.Debug|x86.ActiveCfg = Debug|x86
		{E6317A7E-1E5F-46E7-89D0-0E66D0B4C481}.Debug|x86.Build.0 = Debug|x86
		{E6317A7E-1E5F-46E7-89D0-0E66D0B4C481}.Net35 Debug|Any CPU.ActiveCfg = Debug|Any CPU
		{E6317A7E-1E5F-46E7-89D0-0E66D0B4C481}.Net35 Debug|Any CPU.Build.0 = Debug|Any CPU
		{E6317A7E-1E5F-46E7-89D0-0E66D0B4C481}.Net35 Debug|Mixed Platforms.ActiveCfg = Debug|x86
		{E6317A7E-1E5F-46E7-89D0-0E66D0B4C481}.Net35 Debug|Mixed Platforms.Build.0 = Debug|x86
		{E6317A7E-1E5F-46E7-89D0-0E66D0B4C481}.Net35 Debug|x64.ActiveCfg = Debug|x64
		{E6317A7E-1E5F-46E7-89D0-0E66D0B4C481}.Net35 Debug|x64.Build.0 = Debug|x64
		{E6317A7E-1E5F-46E7-89D0-0E66D0B4C481}.Net35 Debug|x86.ActiveCfg = Debug|x86
		{E6317A7E-1E5F-46E7-89D0-0E66D0B4C481}.Net35 Debug|x86.Build.0 = Debug|x86
		{E6317A7E-1E5F-46E7-89D0-0E66D0B4C481}.Net35|Any CPU.ActiveCfg = Release|Any CPU
		{E6317A7E-1E5F-46E7-89D0-0E66D0B4C481}.Net35|Any CPU.Build.0 = Release|Any CPU
		{E6317A7E-1E5F-46E7-89D0-0E66D0B4C481}.Net35|Mixed Platforms.ActiveCfg = Release|x86
		{E6317A7E-1E5F-46E7-89D0-0E66D0B4C481}.Net35|Mixed Platforms.Build.0 = Release|x86
		{E6317A7E-1E5F-46E7-89D0-0E66D0B4C481}.Net35|x64.ActiveCfg = Release|x64
		{E6317A7E-1E5F-46E7-89D0-0E66D0B4C481}.Net35|x64.Build.0 = Release|x64
		{E6317A7E-1E5F-46E7-89D0-0E66D0B4C481}.Net35|x86.ActiveCfg = Release|x86
		{E6317A7E-1E5F-46E7-89D0-0E66D0B4C481}.Net35|x86.Build.0 = Release|x86
		{E6317A7E-1E5F-46E7-89D0-0E66D0B4C481}.Net40 Debug|Any CPU.ActiveCfg = Debug|Any CPU
		{E6317A7E-1E5F-46E7-89D0-0E66D0B4C481}.Net40 Debug|Any CPU.Build.0 = Debug|Any CPU
		{E6317A7E-1E5F-46E7-89D0-0E66D0B4C481}.Net40 Debug|Mixed Platforms.ActiveCfg = Debug|x86
		{E6317A7E-1E5F-46E7-89D0-0E66D0B4C481}.Net40 Debug|Mixed Platforms.Build.0 = Debug|x86
		{E6317A7E-1E5F-46E7-89D0-0E66D0B4C481}.Net40 Debug|x64.ActiveCfg = Debug|x64
		{E6317A7E-1E5F-46E7-89D0-0E66D0B4C481}.Net40 Debug|x64.Build.0 = Debug|x64
		{E6317A7E-1E5F-46E7-89D0-0E66D0B4C481}.Net40 Debug|x86.ActiveCfg = Debug|x86
		{E6317A7E-1E5F-46E7-89D0-0E66D0B4C481}.Net40 Debug|x86.Build.0 = Debug|x86
		{E6317A7E-1E5F-46E7-89D0-0E66D0B4C481}.Net40|Any CPU.ActiveCfg = Release|Any CPU
		{E6317A7E-1E5F-46E7-89D0-0E66D0B4C481}.Net40|Any CPU.Build.0 = Release|Any CPU
		{E6317A7E-1E5F-46E7-89D0-0E66D0B4C481}.Net40|Mixed Platforms.ActiveCfg = Release|x86
		{E6317A7E-1E5F-46E7-89D0-0E66D0B4C481}.Net40|Mixed Platforms.Build.0 = Release|x86
		{E6317A7E-1E5F-46E7-89D0-0E66D0B4C481}.Net40|x64.ActiveCfg = Release|x64
		{E6317A7E-1E5F-46E7-89D0-0E66D0B4C481}.Net40|x64.Build.0 = Release|x64
		{E6317A7E-1E5F-46E7-89D0-0E66D0B4C481}.Net40|x86.ActiveCfg = Release|x86
		{E6317A7E-1E5F-46E7-89D0-0E66D0B4C481}.Net40|x86.Build.0 = Release|x86
		{E6317A7E-1E5F-46E7-89D0-0E66D0B4C481}.Net45 Debug|Any CPU.ActiveCfg = Debug|Any CPU
		{E6317A7E-1E5F-46E7-89D0-0E66D0B4C481}.Net45 Debug|Any CPU.Build.0 = Debug|Any CPU
		{E6317A7E-1E5F-46E7-89D0-0E66D0B4C481}.Net45 Debug|Mixed Platforms.ActiveCfg = Debug|x86
		{E6317A7E-1E5F-46E7-89D0-0E66D0B4C481}.Net45 Debug|Mixed Platforms.Build.0 = Debug|x86
		{E6317A7E-1E5F-46E7-89D0-0E66D0B4C481}.Net45 Debug|x64.ActiveCfg = Debug|x64
		{E6317A7E-1E5F-46E7-89D0-0E66D0B4C481}.Net45 Debug|x64.Build.0 = Debug|x64
		{E6317A7E-1E5F-46E7-89D0-0E66D0B4C481}.Net45 Debug|x86.ActiveCfg = Debug|x86
		{E6317A7E-1E5F-46E7-89D0-0E66D0B4C481}.Net45 Debug|x86.Build.0 = Debug|x86
		{E6317A7E-1E5F-46E7-89D0-0E66D0B4C481}.Net45|Any CPU.ActiveCfg = Release|Any CPU
		{E6317A7E-1E5F-46E7-89D0-0E66D0B4C481}.Net45|Any CPU.Build.0 = Release|Any CPU
		{E6317A7E-1E5F-46E7-89D0-0E66D0B4C481}.Net45|Mixed Platforms.ActiveCfg = Release|x86
		{E6317A7E-1E5F-46E7-89D0-0E66D0B4C481}.Net45|Mixed Platforms.Build.0 = Release|x86
		{E6317A7E-1E5F-46E7-89D0-0E66D0B4C481}.Net45|x64.ActiveCfg = Release|x64
		{E6317A7E-1E5F-46E7-89D0-0E66D0B4C481}.Net45|x64.Build.0 = Release|x64
		{E6317A7E-1E5F-46E7-89D0-0E66D0B4C481}.Net45|x86.ActiveCfg = Release|x86
		{E6317A7E-1E5F-46E7-89D0-0E66D0B4C481}.Net45|x86.Build.0 = Release|x86
		{E6317A7E-1E5F-46E7-89D0-0E66D0B4C481}.Net451 Debug|Any CPU.ActiveCfg = Debug|Any CPU
		{E6317A7E-1E5F-46E7-89D0-0E66D0B4C481}.Net451 Debug|Any CPU.Build.0 = Debug|Any CPU
		{E6317A7E-1E5F-46E7-89D0-0E66D0B4C481}.Net451 Debug|Mixed Platforms.ActiveCfg = Debug|x86
		{E6317A7E-1E5F-46E7-89D0-0E66D0B4C481}.Net451 Debug|Mixed Platforms.Build.0 = Debug|x86
		{E6317A7E-1E5F-46E7-89D0-0E66D0B4C481}.Net451 Debug|x64.ActiveCfg = Debug|x64
		{E6317A7E-1E5F-46E7-89D0-0E66D0B4C481}.Net451 Debug|x64.Build.0 = Debug|x64
		{E6317A7E-1E5F-46E7-89D0-0E66D0B4C481}.Net451 Debug|x86.ActiveCfg = Debug|x86
		{E6317A7E-1E5F-46E7-89D0-0E66D0B4C481}.Net451 Debug|x86.Build.0 = Debug|x86
		{E6317A7E-1E5F-46E7-89D0-0E66D0B4C481}.Net451|Any CPU.ActiveCfg = Release|Any CPU
		{E6317A7E-1E5F-46E7-89D0-0E66D0B4C481}.Net451|Any CPU.Build.0 = Release|Any CPU
		{E6317A7E-1E5F-46E7-89D0-0E66D0B4C481}.Net451|Mixed Platforms.ActiveCfg = Release|x86
		{E6317A7E-1E5F-46E7-89D0-0E66D0B4C481}.Net451|Mixed Platforms.Build.0 = Release|x86
		{E6317A7E-1E5F-46E7-89D0-0E66D0B4C481}.Net451|x64.ActiveCfg = Release|x64
		{E6317A7E-1E5F-46E7-89D0-0E66D0B4C481}.Net451|x64.Build.0 = Release|x64
		{E6317A7E-1E5F-46E7-89D0-0E66D0B4C481}.Net451|x86.ActiveCfg = Release|x86
		{E6317A7E-1E5F-46E7-89D0-0E66D0B4C481}.Net451|x86.Build.0 = Release|x86
		{E6317A7E-1E5F-46E7-89D0-0E66D0B4C481}.Release|Any CPU.ActiveCfg = Release|Any CPU
		{E6317A7E-1E5F-46E7-89D0-0E66D0B4C481}.Release|Any CPU.Build.0 = Release|Any CPU
		{E6317A7E-1E5F-46E7-89D0-0E66D0B4C481}.Release|Mixed Platforms.ActiveCfg = Release|Any CPU
		{E6317A7E-1E5F-46E7-89D0-0E66D0B4C481}.Release|Mixed Platforms.Build.0 = Release|Any CPU
		{E6317A7E-1E5F-46E7-89D0-0E66D0B4C481}.Release|x64.ActiveCfg = Release|x64
		{E6317A7E-1E5F-46E7-89D0-0E66D0B4C481}.Release|x64.Build.0 = Release|x64
		{E6317A7E-1E5F-46E7-89D0-0E66D0B4C481}.Release|x86.ActiveCfg = Release|x86
		{E6317A7E-1E5F-46E7-89D0-0E66D0B4C481}.Release|x86.Build.0 = Release|x86
		{27847DBD-65B6-489D-A600-89D4FF5151E8}.Debug|Any CPU.ActiveCfg = Debug|Any CPU
		{27847DBD-65B6-489D-A600-89D4FF5151E8}.Debug|Any CPU.Build.0 = Debug|Any CPU
		{27847DBD-65B6-489D-A600-89D4FF5151E8}.Debug|Mixed Platforms.ActiveCfg = Debug|Any CPU
		{27847DBD-65B6-489D-A600-89D4FF5151E8}.Debug|Mixed Platforms.Build.0 = Debug|Any CPU
		{27847DBD-65B6-489D-A600-89D4FF5151E8}.Debug|x64.ActiveCfg = Debug|x64
		{27847DBD-65B6-489D-A600-89D4FF5151E8}.Debug|x64.Build.0 = Debug|x64
		{27847DBD-65B6-489D-A600-89D4FF5151E8}.Debug|x86.ActiveCfg = Debug|x86
		{27847DBD-65B6-489D-A600-89D4FF5151E8}.Debug|x86.Build.0 = Debug|x86
		{27847DBD-65B6-489D-A600-89D4FF5151E8}.Net35 Debug|Any CPU.ActiveCfg = Debug|Any CPU
		{27847DBD-65B6-489D-A600-89D4FF5151E8}.Net35 Debug|Any CPU.Build.0 = Debug|Any CPU
		{27847DBD-65B6-489D-A600-89D4FF5151E8}.Net35 Debug|Mixed Platforms.ActiveCfg = Debug|x86
		{27847DBD-65B6-489D-A600-89D4FF5151E8}.Net35 Debug|Mixed Platforms.Build.0 = Debug|x86
		{27847DBD-65B6-489D-A600-89D4FF5151E8}.Net35 Debug|x64.ActiveCfg = Debug|x64
		{27847DBD-65B6-489D-A600-89D4FF5151E8}.Net35 Debug|x64.Build.0 = Debug|x64
		{27847DBD-65B6-489D-A600-89D4FF5151E8}.Net35 Debug|x86.ActiveCfg = Debug|x86
		{27847DBD-65B6-489D-A600-89D4FF5151E8}.Net35 Debug|x86.Build.0 = Debug|x86
		{27847DBD-65B6-489D-A600-89D4FF5151E8}.Net35|Any CPU.ActiveCfg = Release|Any CPU
		{27847DBD-65B6-489D-A600-89D4FF5151E8}.Net35|Any CPU.Build.0 = Release|Any CPU
		{27847DBD-65B6-489D-A600-89D4FF5151E8}.Net35|Mixed Platforms.ActiveCfg = Release|x86
		{27847DBD-65B6-489D-A600-89D4FF5151E8}.Net35|Mixed Platforms.Build.0 = Release|x86
		{27847DBD-65B6-489D-A600-89D4FF5151E8}.Net35|x64.ActiveCfg = Release|x64
		{27847DBD-65B6-489D-A600-89D4FF5151E8}.Net35|x64.Build.0 = Release|x64
		{27847DBD-65B6-489D-A600-89D4FF5151E8}.Net35|x86.ActiveCfg = Release|x86
		{27847DBD-65B6-489D-A600-89D4FF5151E8}.Net35|x86.Build.0 = Release|x86
		{27847DBD-65B6-489D-A600-89D4FF5151E8}.Net40 Debug|Any CPU.ActiveCfg = Debug|Any CPU
		{27847DBD-65B6-489D-A600-89D4FF5151E8}.Net40 Debug|Any CPU.Build.0 = Debug|Any CPU
		{27847DBD-65B6-489D-A600-89D4FF5151E8}.Net40 Debug|Mixed Platforms.ActiveCfg = Debug|x86
		{27847DBD-65B6-489D-A600-89D4FF5151E8}.Net40 Debug|Mixed Platforms.Build.0 = Debug|x86
		{27847DBD-65B6-489D-A600-89D4FF5151E8}.Net40 Debug|x64.ActiveCfg = Debug|x64
		{27847DBD-65B6-489D-A600-89D4FF5151E8}.Net40 Debug|x64.Build.0 = Debug|x64
		{27847DBD-65B6-489D-A600-89D4FF5151E8}.Net40 Debug|x86.ActiveCfg = Debug|x86
		{27847DBD-65B6-489D-A600-89D4FF5151E8}.Net40 Debug|x86.Build.0 = Debug|x86
		{27847DBD-65B6-489D-A600-89D4FF5151E8}.Net40|Any CPU.ActiveCfg = Release|Any CPU
		{27847DBD-65B6-489D-A600-89D4FF5151E8}.Net40|Any CPU.Build.0 = Release|Any CPU
		{27847DBD-65B6-489D-A600-89D4FF5151E8}.Net40|Mixed Platforms.ActiveCfg = Release|x86
		{27847DBD-65B6-489D-A600-89D4FF5151E8}.Net40|Mixed Platforms.Build.0 = Release|x86
		{27847DBD-65B6-489D-A600-89D4FF5151E8}.Net40|x64.ActiveCfg = Release|x64
		{27847DBD-65B6-489D-A600-89D4FF5151E8}.Net40|x64.Build.0 = Release|x64
		{27847DBD-65B6-489D-A600-89D4FF5151E8}.Net40|x86.ActiveCfg = Release|x86
		{27847DBD-65B6-489D-A600-89D4FF5151E8}.Net40|x86.Build.0 = Release|x86
		{27847DBD-65B6-489D-A600-89D4FF5151E8}.Net45 Debug|Any CPU.ActiveCfg = Debug|Any CPU
		{27847DBD-65B6-489D-A600-89D4FF5151E8}.Net45 Debug|Any CPU.Build.0 = Debug|Any CPU
		{27847DBD-65B6-489D-A600-89D4FF5151E8}.Net45 Debug|Mixed Platforms.ActiveCfg = Debug|x86
		{27847DBD-65B6-489D-A600-89D4FF5151E8}.Net45 Debug|Mixed Platforms.Build.0 = Debug|x86
		{27847DBD-65B6-489D-A600-89D4FF5151E8}.Net45 Debug|x64.ActiveCfg = Debug|x64
		{27847DBD-65B6-489D-A600-89D4FF5151E8}.Net45 Debug|x64.Build.0 = Debug|x64
		{27847DBD-65B6-489D-A600-89D4FF5151E8}.Net45 Debug|x86.ActiveCfg = Debug|x86
		{27847DBD-65B6-489D-A600-89D4FF5151E8}.Net45 Debug|x86.Build.0 = Debug|x86
		{27847DBD-65B6-489D-A600-89D4FF5151E8}.Net45|Any CPU.ActiveCfg = Release|Any CPU
		{27847DBD-65B6-489D-A600-89D4FF5151E8}.Net45|Any CPU.Build.0 = Release|Any CPU
		{27847DBD-65B6-489D-A600-89D4FF5151E8}.Net45|Mixed Platforms.ActiveCfg = Release|x86
		{27847DBD-65B6-489D-A600-89D4FF5151E8}.Net45|Mixed Platforms.Build.0 = Release|x86
		{27847DBD-65B6-489D-A600-89D4FF5151E8}.Net45|x64.ActiveCfg = Release|x64
		{27847DBD-65B6-489D-A600-89D4FF5151E8}.Net45|x64.Build.0 = Release|x64
		{27847DBD-65B6-489D-A600-89D4FF5151E8}.Net45|x86.ActiveCfg = Release|x86
		{27847DBD-65B6-489D-A600-89D4FF5151E8}.Net45|x86.Build.0 = Release|x86
		{27847DBD-65B6-489D-A600-89D4FF5151E8}.Net451 Debug|Any CPU.ActiveCfg = Debug|Any CPU
		{27847DBD-65B6-489D-A600-89D4FF5151E8}.Net451 Debug|Any CPU.Build.0 = Debug|Any CPU
		{27847DBD-65B6-489D-A600-89D4FF5151E8}.Net451 Debug|Mixed Platforms.ActiveCfg = Debug|x86
		{27847DBD-65B6-489D-A600-89D4FF5151E8}.Net451 Debug|Mixed Platforms.Build.0 = Debug|x86
		{27847DBD-65B6-489D-A600-89D4FF5151E8}.Net451 Debug|x64.ActiveCfg = Debug|x64
		{27847DBD-65B6-489D-A600-89D4FF5151E8}.Net451 Debug|x64.Build.0 = Debug|x64
		{27847DBD-65B6-489D-A600-89D4FF5151E8}.Net451 Debug|x86.ActiveCfg = Debug|x86
		{27847DBD-65B6-489D-A600-89D4FF5151E8}.Net451 Debug|x86.Build.0 = Debug|x86
		{27847DBD-65B6-489D-A600-89D4FF5151E8}.Net451|Any CPU.ActiveCfg = Release|Any CPU
		{27847DBD-65B6-489D-A600-89D4FF5151E8}.Net451|Any CPU.Build.0 = Release|Any CPU
		{27847DBD-65B6-489D-A600-89D4FF5151E8}.Net451|Mixed Platforms.ActiveCfg = Release|x86
		{27847DBD-65B6-489D-A600-89D4FF5151E8}.Net451|Mixed Platforms.Build.0 = Release|x86
		{27847DBD-65B6-489D-A600-89D4FF5151E8}.Net451|x64.ActiveCfg = Release|x64
		{27847DBD-65B6-489D-A600-89D4FF5151E8}.Net451|x64.Build.0 = Release|x64
		{27847DBD-65B6-489D-A600-89D4FF5151E8}.Net451|x86.ActiveCfg = Release|x86
		{27847DBD-65B6-489D-A600-89D4FF5151E8}.Net451|x86.Build.0 = Release|x86
		{27847DBD-65B6-489D-A600-89D4FF5151E8}.Release|Any CPU.ActiveCfg = Release|Any CPU
		{27847DBD-65B6-489D-A600-89D4FF5151E8}.Release|Any CPU.Build.0 = Release|Any CPU
		{27847DBD-65B6-489D-A600-89D4FF5151E8}.Release|Mixed Platforms.ActiveCfg = Release|Any CPU
		{27847DBD-65B6-489D-A600-89D4FF5151E8}.Release|Mixed Platforms.Build.0 = Release|Any CPU
		{27847DBD-65B6-489D-A600-89D4FF5151E8}.Release|x64.ActiveCfg = Release|x64
		{27847DBD-65B6-489D-A600-89D4FF5151E8}.Release|x64.Build.0 = Release|x64
		{27847DBD-65B6-489D-A600-89D4FF5151E8}.Release|x86.ActiveCfg = Release|x86
		{27847DBD-65B6-489D-A600-89D4FF5151E8}.Release|x86.Build.0 = Release|x86
		{CE39D9B5-4209-40CF-BB15-86E622A0F52F}.Debug|Any CPU.ActiveCfg = Debug|Any CPU
		{CE39D9B5-4209-40CF-BB15-86E622A0F52F}.Debug|Any CPU.Build.0 = Debug|Any CPU
		{CE39D9B5-4209-40CF-BB15-86E622A0F52F}.Debug|Mixed Platforms.ActiveCfg = Debug|Any CPU
		{CE39D9B5-4209-40CF-BB15-86E622A0F52F}.Debug|Mixed Platforms.Build.0 = Debug|Any CPU
		{CE39D9B5-4209-40CF-BB15-86E622A0F52F}.Debug|x64.ActiveCfg = Debug|x64
		{CE39D9B5-4209-40CF-BB15-86E622A0F52F}.Debug|x64.Build.0 = Debug|x64
		{CE39D9B5-4209-40CF-BB15-86E622A0F52F}.Debug|x86.ActiveCfg = Debug|Any CPU
		{CE39D9B5-4209-40CF-BB15-86E622A0F52F}.Net35 Debug|Any CPU.ActiveCfg = Debug|Any CPU
		{CE39D9B5-4209-40CF-BB15-86E622A0F52F}.Net35 Debug|Any CPU.Build.0 = Debug|Any CPU
		{CE39D9B5-4209-40CF-BB15-86E622A0F52F}.Net35 Debug|Mixed Platforms.ActiveCfg = Debug|Any CPU
		{CE39D9B5-4209-40CF-BB15-86E622A0F52F}.Net35 Debug|Mixed Platforms.Build.0 = Debug|Any CPU
		{CE39D9B5-4209-40CF-BB15-86E622A0F52F}.Net35 Debug|x64.ActiveCfg = Debug|x64
		{CE39D9B5-4209-40CF-BB15-86E622A0F52F}.Net35 Debug|x64.Build.0 = Debug|x64
		{CE39D9B5-4209-40CF-BB15-86E622A0F52F}.Net35 Debug|x86.ActiveCfg = Debug|Any CPU
		{CE39D9B5-4209-40CF-BB15-86E622A0F52F}.Net35|Any CPU.ActiveCfg = Release|Any CPU
		{CE39D9B5-4209-40CF-BB15-86E622A0F52F}.Net35|Any CPU.Build.0 = Release|Any CPU
		{CE39D9B5-4209-40CF-BB15-86E622A0F52F}.Net35|Mixed Platforms.ActiveCfg = Release|Any CPU
		{CE39D9B5-4209-40CF-BB15-86E622A0F52F}.Net35|Mixed Platforms.Build.0 = Release|Any CPU
		{CE39D9B5-4209-40CF-BB15-86E622A0F52F}.Net35|x64.ActiveCfg = Release|x64
		{CE39D9B5-4209-40CF-BB15-86E622A0F52F}.Net35|x64.Build.0 = Release|x64
		{CE39D9B5-4209-40CF-BB15-86E622A0F52F}.Net35|x86.ActiveCfg = Release|Any CPU
		{CE39D9B5-4209-40CF-BB15-86E622A0F52F}.Net40 Debug|Any CPU.ActiveCfg = Debug|Any CPU
		{CE39D9B5-4209-40CF-BB15-86E622A0F52F}.Net40 Debug|Any CPU.Build.0 = Debug|Any CPU
		{CE39D9B5-4209-40CF-BB15-86E622A0F52F}.Net40 Debug|Mixed Platforms.ActiveCfg = Debug|Any CPU
		{CE39D9B5-4209-40CF-BB15-86E622A0F52F}.Net40 Debug|Mixed Platforms.Build.0 = Debug|Any CPU
		{CE39D9B5-4209-40CF-BB15-86E622A0F52F}.Net40 Debug|x64.ActiveCfg = Debug|x64
		{CE39D9B5-4209-40CF-BB15-86E622A0F52F}.Net40 Debug|x64.Build.0 = Debug|x64
		{CE39D9B5-4209-40CF-BB15-86E622A0F52F}.Net40 Debug|x86.ActiveCfg = Debug|Any CPU
		{CE39D9B5-4209-40CF-BB15-86E622A0F52F}.Net40|Any CPU.ActiveCfg = Release|Any CPU
		{CE39D9B5-4209-40CF-BB15-86E622A0F52F}.Net40|Any CPU.Build.0 = Release|Any CPU
		{CE39D9B5-4209-40CF-BB15-86E622A0F52F}.Net40|Mixed Platforms.ActiveCfg = Release|Any CPU
		{CE39D9B5-4209-40CF-BB15-86E622A0F52F}.Net40|Mixed Platforms.Build.0 = Release|Any CPU
		{CE39D9B5-4209-40CF-BB15-86E622A0F52F}.Net40|x64.ActiveCfg = Release|x64
		{CE39D9B5-4209-40CF-BB15-86E622A0F52F}.Net40|x64.Build.0 = Release|x64
		{CE39D9B5-4209-40CF-BB15-86E622A0F52F}.Net40|x86.ActiveCfg = Release|Any CPU
		{CE39D9B5-4209-40CF-BB15-86E622A0F52F}.Net45 Debug|Any CPU.ActiveCfg = Debug|Any CPU
		{CE39D9B5-4209-40CF-BB15-86E622A0F52F}.Net45 Debug|Any CPU.Build.0 = Debug|Any CPU
		{CE39D9B5-4209-40CF-BB15-86E622A0F52F}.Net45 Debug|Mixed Platforms.ActiveCfg = Debug|Any CPU
		{CE39D9B5-4209-40CF-BB15-86E622A0F52F}.Net45 Debug|Mixed Platforms.Build.0 = Debug|Any CPU
		{CE39D9B5-4209-40CF-BB15-86E622A0F52F}.Net45 Debug|x64.ActiveCfg = Debug|x64
		{CE39D9B5-4209-40CF-BB15-86E622A0F52F}.Net45 Debug|x64.Build.0 = Debug|x64
		{CE39D9B5-4209-40CF-BB15-86E622A0F52F}.Net45 Debug|x86.ActiveCfg = Debug|Any CPU
		{CE39D9B5-4209-40CF-BB15-86E622A0F52F}.Net45|Any CPU.ActiveCfg = Release|Any CPU
		{CE39D9B5-4209-40CF-BB15-86E622A0F52F}.Net45|Any CPU.Build.0 = Release|Any CPU
		{CE39D9B5-4209-40CF-BB15-86E622A0F52F}.Net45|Mixed Platforms.ActiveCfg = Release|Any CPU
		{CE39D9B5-4209-40CF-BB15-86E622A0F52F}.Net45|Mixed Platforms.Build.0 = Release|Any CPU
		{CE39D9B5-4209-40CF-BB15-86E622A0F52F}.Net45|x64.ActiveCfg = Release|x64
		{CE39D9B5-4209-40CF-BB15-86E622A0F52F}.Net45|x64.Build.0 = Release|x64
		{CE39D9B5-4209-40CF-BB15-86E622A0F52F}.Net45|x86.ActiveCfg = Release|Any CPU
		{CE39D9B5-4209-40CF-BB15-86E622A0F52F}.Net451 Debug|Any CPU.ActiveCfg = Debug|Any CPU
		{CE39D9B5-4209-40CF-BB15-86E622A0F52F}.Net451 Debug|Any CPU.Build.0 = Debug|Any CPU
		{CE39D9B5-4209-40CF-BB15-86E622A0F52F}.Net451 Debug|Mixed Platforms.ActiveCfg = Debug|Any CPU
		{CE39D9B5-4209-40CF-BB15-86E622A0F52F}.Net451 Debug|Mixed Platforms.Build.0 = Debug|Any CPU
		{CE39D9B5-4209-40CF-BB15-86E622A0F52F}.Net451 Debug|x64.ActiveCfg = Debug|x64
		{CE39D9B5-4209-40CF-BB15-86E622A0F52F}.Net451 Debug|x64.Build.0 = Debug|x64
		{CE39D9B5-4209-40CF-BB15-86E622A0F52F}.Net451 Debug|x86.ActiveCfg = Debug|Any CPU
		{CE39D9B5-4209-40CF-BB15-86E622A0F52F}.Net451|Any CPU.ActiveCfg = Release|Any CPU
		{CE39D9B5-4209-40CF-BB15-86E622A0F52F}.Net451|Any CPU.Build.0 = Release|Any CPU
		{CE39D9B5-4209-40CF-BB15-86E622A0F52F}.Net451|Mixed Platforms.ActiveCfg = Release|Any CPU
		{CE39D9B5-4209-40CF-BB15-86E622A0F52F}.Net451|Mixed Platforms.Build.0 = Release|Any CPU
		{CE39D9B5-4209-40CF-BB15-86E622A0F52F}.Net451|x64.ActiveCfg = Release|x64
		{CE39D9B5-4209-40CF-BB15-86E622A0F52F}.Net451|x64.Build.0 = Release|x64
		{CE39D9B5-4209-40CF-BB15-86E622A0F52F}.Net451|x86.ActiveCfg = Release|Any CPU
		{CE39D9B5-4209-40CF-BB15-86E622A0F52F}.Release|Any CPU.ActiveCfg = Release|Any CPU
		{CE39D9B5-4209-40CF-BB15-86E622A0F52F}.Release|Any CPU.Build.0 = Release|Any CPU
		{CE39D9B5-4209-40CF-BB15-86E622A0F52F}.Release|Mixed Platforms.ActiveCfg = Release|Any CPU
		{CE39D9B5-4209-40CF-BB15-86E622A0F52F}.Release|Mixed Platforms.Build.0 = Release|Any CPU
		{CE39D9B5-4209-40CF-BB15-86E622A0F52F}.Release|x64.ActiveCfg = Release|x64
		{CE39D9B5-4209-40CF-BB15-86E622A0F52F}.Release|x64.Build.0 = Release|x64
		{CE39D9B5-4209-40CF-BB15-86E622A0F52F}.Release|x86.ActiveCfg = Release|Any CPU
		{CFA197C7-4F7D-447A-BA79-34BE11BF7000}.Debug|Any CPU.ActiveCfg = Debug|Any CPU
		{CFA197C7-4F7D-447A-BA79-34BE11BF7000}.Debug|Any CPU.Build.0 = Debug|Any CPU
		{CFA197C7-4F7D-447A-BA79-34BE11BF7000}.Debug|Mixed Platforms.ActiveCfg = Debug|Any CPU
		{CFA197C7-4F7D-447A-BA79-34BE11BF7000}.Debug|Mixed Platforms.Build.0 = Debug|Any CPU
		{CFA197C7-4F7D-447A-BA79-34BE11BF7000}.Debug|x64.ActiveCfg = Debug|x64
		{CFA197C7-4F7D-447A-BA79-34BE11BF7000}.Debug|x64.Build.0 = Debug|x64
		{CFA197C7-4F7D-447A-BA79-34BE11BF7000}.Debug|x86.ActiveCfg = Debug|Any CPU
		{CFA197C7-4F7D-447A-BA79-34BE11BF7000}.Net35 Debug|Any CPU.ActiveCfg = Debug|Any CPU
		{CFA197C7-4F7D-447A-BA79-34BE11BF7000}.Net35 Debug|Any CPU.Build.0 = Debug|Any CPU
		{CFA197C7-4F7D-447A-BA79-34BE11BF7000}.Net35 Debug|Mixed Platforms.ActiveCfg = Debug|Any CPU
		{CFA197C7-4F7D-447A-BA79-34BE11BF7000}.Net35 Debug|Mixed Platforms.Build.0 = Debug|Any CPU
		{CFA197C7-4F7D-447A-BA79-34BE11BF7000}.Net35 Debug|x64.ActiveCfg = Debug|x64
		{CFA197C7-4F7D-447A-BA79-34BE11BF7000}.Net35 Debug|x64.Build.0 = Debug|x64
		{CFA197C7-4F7D-447A-BA79-34BE11BF7000}.Net35 Debug|x86.ActiveCfg = Debug|Any CPU
		{CFA197C7-4F7D-447A-BA79-34BE11BF7000}.Net35|Any CPU.ActiveCfg = Release|Any CPU
		{CFA197C7-4F7D-447A-BA79-34BE11BF7000}.Net35|Any CPU.Build.0 = Release|Any CPU
		{CFA197C7-4F7D-447A-BA79-34BE11BF7000}.Net35|Mixed Platforms.ActiveCfg = Release|Any CPU
		{CFA197C7-4F7D-447A-BA79-34BE11BF7000}.Net35|Mixed Platforms.Build.0 = Release|Any CPU
		{CFA197C7-4F7D-447A-BA79-34BE11BF7000}.Net35|x64.ActiveCfg = Release|x64
		{CFA197C7-4F7D-447A-BA79-34BE11BF7000}.Net35|x64.Build.0 = Release|x64
		{CFA197C7-4F7D-447A-BA79-34BE11BF7000}.Net35|x86.ActiveCfg = Release|Any CPU
		{CFA197C7-4F7D-447A-BA79-34BE11BF7000}.Net40 Debug|Any CPU.ActiveCfg = Debug|Any CPU
		{CFA197C7-4F7D-447A-BA79-34BE11BF7000}.Net40 Debug|Any CPU.Build.0 = Debug|Any CPU
		{CFA197C7-4F7D-447A-BA79-34BE11BF7000}.Net40 Debug|Mixed Platforms.ActiveCfg = Debug|Any CPU
		{CFA197C7-4F7D-447A-BA79-34BE11BF7000}.Net40 Debug|Mixed Platforms.Build.0 = Debug|Any CPU
		{CFA197C7-4F7D-447A-BA79-34BE11BF7000}.Net40 Debug|x64.ActiveCfg = Debug|x64
		{CFA197C7-4F7D-447A-BA79-34BE11BF7000}.Net40 Debug|x64.Build.0 = Debug|x64
		{CFA197C7-4F7D-447A-BA79-34BE11BF7000}.Net40 Debug|x86.ActiveCfg = Debug|Any CPU
		{CFA197C7-4F7D-447A-BA79-34BE11BF7000}.Net40|Any CPU.ActiveCfg = Release|Any CPU
		{CFA197C7-4F7D-447A-BA79-34BE11BF7000}.Net40|Any CPU.Build.0 = Release|Any CPU
		{CFA197C7-4F7D-447A-BA79-34BE11BF7000}.Net40|Mixed Platforms.ActiveCfg = Release|Any CPU
		{CFA197C7-4F7D-447A-BA79-34BE11BF7000}.Net40|Mixed Platforms.Build.0 = Release|Any CPU
		{CFA197C7-4F7D-447A-BA79-34BE11BF7000}.Net40|x64.ActiveCfg = Release|x64
		{CFA197C7-4F7D-447A-BA79-34BE11BF7000}.Net40|x64.Build.0 = Release|x64
		{CFA197C7-4F7D-447A-BA79-34BE11BF7000}.Net40|x86.ActiveCfg = Release|Any CPU
		{CFA197C7-4F7D-447A-BA79-34BE11BF7000}.Net45 Debug|Any CPU.ActiveCfg = Debug|Any CPU
		{CFA197C7-4F7D-447A-BA79-34BE11BF7000}.Net45 Debug|Any CPU.Build.0 = Debug|Any CPU
		{CFA197C7-4F7D-447A-BA79-34BE11BF7000}.Net45 Debug|Mixed Platforms.ActiveCfg = Debug|Any CPU
		{CFA197C7-4F7D-447A-BA79-34BE11BF7000}.Net45 Debug|Mixed Platforms.Build.0 = Debug|Any CPU
		{CFA197C7-4F7D-447A-BA79-34BE11BF7000}.Net45 Debug|x64.ActiveCfg = Debug|x64
		{CFA197C7-4F7D-447A-BA79-34BE11BF7000}.Net45 Debug|x64.Build.0 = Debug|x64
		{CFA197C7-4F7D-447A-BA79-34BE11BF7000}.Net45 Debug|x86.ActiveCfg = Debug|Any CPU
		{CFA197C7-4F7D-447A-BA79-34BE11BF7000}.Net45|Any CPU.ActiveCfg = Release|Any CPU
		{CFA197C7-4F7D-447A-BA79-34BE11BF7000}.Net45|Any CPU.Build.0 = Release|Any CPU
		{CFA197C7-4F7D-447A-BA79-34BE11BF7000}.Net45|Mixed Platforms.ActiveCfg = Release|Any CPU
		{CFA197C7-4F7D-447A-BA79-34BE11BF7000}.Net45|Mixed Platforms.Build.0 = Release|Any CPU
		{CFA197C7-4F7D-447A-BA79-34BE11BF7000}.Net45|x64.ActiveCfg = Release|x64
		{CFA197C7-4F7D-447A-BA79-34BE11BF7000}.Net45|x64.Build.0 = Release|x64
		{CFA197C7-4F7D-447A-BA79-34BE11BF7000}.Net45|x86.ActiveCfg = Release|Any CPU
		{CFA197C7-4F7D-447A-BA79-34BE11BF7000}.Net451 Debug|Any CPU.ActiveCfg = Debug|Any CPU
		{CFA197C7-4F7D-447A-BA79-34BE11BF7000}.Net451 Debug|Any CPU.Build.0 = Debug|Any CPU
		{CFA197C7-4F7D-447A-BA79-34BE11BF7000}.Net451 Debug|Mixed Platforms.ActiveCfg = Debug|Any CPU
		{CFA197C7-4F7D-447A-BA79-34BE11BF7000}.Net451 Debug|Mixed Platforms.Build.0 = Debug|Any CPU
		{CFA197C7-4F7D-447A-BA79-34BE11BF7000}.Net451 Debug|x64.ActiveCfg = Debug|x64
		{CFA197C7-4F7D-447A-BA79-34BE11BF7000}.Net451 Debug|x64.Build.0 = Debug|x64
		{CFA197C7-4F7D-447A-BA79-34BE11BF7000}.Net451 Debug|x86.ActiveCfg = Debug|Any CPU
		{CFA197C7-4F7D-447A-BA79-34BE11BF7000}.Net451|Any CPU.ActiveCfg = Release|Any CPU
		{CFA197C7-4F7D-447A-BA79-34BE11BF7000}.Net451|Any CPU.Build.0 = Release|Any CPU
		{CFA197C7-4F7D-447A-BA79-34BE11BF7000}.Net451|Mixed Platforms.ActiveCfg = Release|Any CPU
		{CFA197C7-4F7D-447A-BA79-34BE11BF7000}.Net451|Mixed Platforms.Build.0 = Release|Any CPU
		{CFA197C7-4F7D-447A-BA79-34BE11BF7000}.Net451|x64.ActiveCfg = Release|x64
		{CFA197C7-4F7D-447A-BA79-34BE11BF7000}.Net451|x64.Build.0 = Release|x64
		{CFA197C7-4F7D-447A-BA79-34BE11BF7000}.Net451|x86.ActiveCfg = Release|Any CPU
		{CFA197C7-4F7D-447A-BA79-34BE11BF7000}.Release|Any CPU.ActiveCfg = Release|Any CPU
		{CFA197C7-4F7D-447A-BA79-34BE11BF7000}.Release|Any CPU.Build.0 = Release|Any CPU
		{CFA197C7-4F7D-447A-BA79-34BE11BF7000}.Release|Mixed Platforms.ActiveCfg = Release|Any CPU
		{CFA197C7-4F7D-447A-BA79-34BE11BF7000}.Release|Mixed Platforms.Build.0 = Release|Any CPU
		{CFA197C7-4F7D-447A-BA79-34BE11BF7000}.Release|x64.ActiveCfg = Release|x64
		{CFA197C7-4F7D-447A-BA79-34BE11BF7000}.Release|x64.Build.0 = Release|x64
		{CFA197C7-4F7D-447A-BA79-34BE11BF7000}.Release|x86.ActiveCfg = Release|Any CPU
		{650431E1-34A1-45BF-ABB5-DC77AF235AD8}.Debug|Any CPU.ActiveCfg = Debug|Any CPU
		{650431E1-34A1-45BF-ABB5-DC77AF235AD8}.Debug|Any CPU.Build.0 = Debug|Any CPU
		{650431E1-34A1-45BF-ABB5-DC77AF235AD8}.Debug|Mixed Platforms.ActiveCfg = Debug|Any CPU
		{650431E1-34A1-45BF-ABB5-DC77AF235AD8}.Debug|Mixed Platforms.Build.0 = Debug|Any CPU
		{650431E1-34A1-45BF-ABB5-DC77AF235AD8}.Debug|x64.ActiveCfg = Debug|x64
		{650431E1-34A1-45BF-ABB5-DC77AF235AD8}.Debug|x64.Build.0 = Debug|x64
		{650431E1-34A1-45BF-ABB5-DC77AF235AD8}.Debug|x86.ActiveCfg = Debug|Any CPU
		{650431E1-34A1-45BF-ABB5-DC77AF235AD8}.Net35 Debug|Any CPU.ActiveCfg = Debug|Any CPU
		{650431E1-34A1-45BF-ABB5-DC77AF235AD8}.Net35 Debug|Any CPU.Build.0 = Debug|Any CPU
		{650431E1-34A1-45BF-ABB5-DC77AF235AD8}.Net35 Debug|Mixed Platforms.ActiveCfg = Debug|Any CPU
		{650431E1-34A1-45BF-ABB5-DC77AF235AD8}.Net35 Debug|Mixed Platforms.Build.0 = Debug|Any CPU
		{650431E1-34A1-45BF-ABB5-DC77AF235AD8}.Net35 Debug|x64.ActiveCfg = Debug|x64
		{650431E1-34A1-45BF-ABB5-DC77AF235AD8}.Net35 Debug|x64.Build.0 = Debug|x64
		{650431E1-34A1-45BF-ABB5-DC77AF235AD8}.Net35 Debug|x86.ActiveCfg = Debug|Any CPU
		{650431E1-34A1-45BF-ABB5-DC77AF235AD8}.Net35|Any CPU.ActiveCfg = Release|Any CPU
		{650431E1-34A1-45BF-ABB5-DC77AF235AD8}.Net35|Any CPU.Build.0 = Release|Any CPU
		{650431E1-34A1-45BF-ABB5-DC77AF235AD8}.Net35|Mixed Platforms.ActiveCfg = Release|Any CPU
		{650431E1-34A1-45BF-ABB5-DC77AF235AD8}.Net35|Mixed Platforms.Build.0 = Release|Any CPU
		{650431E1-34A1-45BF-ABB5-DC77AF235AD8}.Net35|x64.ActiveCfg = Release|x64
		{650431E1-34A1-45BF-ABB5-DC77AF235AD8}.Net35|x64.Build.0 = Release|x64
		{650431E1-34A1-45BF-ABB5-DC77AF235AD8}.Net35|x86.ActiveCfg = Release|Any CPU
		{650431E1-34A1-45BF-ABB5-DC77AF235AD8}.Net40 Debug|Any CPU.ActiveCfg = Debug|Any CPU
		{650431E1-34A1-45BF-ABB5-DC77AF235AD8}.Net40 Debug|Any CPU.Build.0 = Debug|Any CPU
		{650431E1-34A1-45BF-ABB5-DC77AF235AD8}.Net40 Debug|Mixed Platforms.ActiveCfg = Debug|Any CPU
		{650431E1-34A1-45BF-ABB5-DC77AF235AD8}.Net40 Debug|Mixed Platforms.Build.0 = Debug|Any CPU
		{650431E1-34A1-45BF-ABB5-DC77AF235AD8}.Net40 Debug|x64.ActiveCfg = Debug|x64
		{650431E1-34A1-45BF-ABB5-DC77AF235AD8}.Net40 Debug|x64.Build.0 = Debug|x64
		{650431E1-34A1-45BF-ABB5-DC77AF235AD8}.Net40 Debug|x86.ActiveCfg = Debug|Any CPU
		{650431E1-34A1-45BF-ABB5-DC77AF235AD8}.Net40|Any CPU.ActiveCfg = Release|Any CPU
		{650431E1-34A1-45BF-ABB5-DC77AF235AD8}.Net40|Any CPU.Build.0 = Release|Any CPU
		{650431E1-34A1-45BF-ABB5-DC77AF235AD8}.Net40|Mixed Platforms.ActiveCfg = Release|Any CPU
		{650431E1-34A1-45BF-ABB5-DC77AF235AD8}.Net40|Mixed Platforms.Build.0 = Release|Any CPU
		{650431E1-34A1-45BF-ABB5-DC77AF235AD8}.Net40|x64.ActiveCfg = Release|x64
		{650431E1-34A1-45BF-ABB5-DC77AF235AD8}.Net40|x64.Build.0 = Release|x64
		{650431E1-34A1-45BF-ABB5-DC77AF235AD8}.Net40|x86.ActiveCfg = Release|Any CPU
		{650431E1-34A1-45BF-ABB5-DC77AF235AD8}.Net45 Debug|Any CPU.ActiveCfg = Debug|Any CPU
		{650431E1-34A1-45BF-ABB5-DC77AF235AD8}.Net45 Debug|Any CPU.Build.0 = Debug|Any CPU
		{650431E1-34A1-45BF-ABB5-DC77AF235AD8}.Net45 Debug|Mixed Platforms.ActiveCfg = Debug|Any CPU
		{650431E1-34A1-45BF-ABB5-DC77AF235AD8}.Net45 Debug|Mixed Platforms.Build.0 = Debug|Any CPU
		{650431E1-34A1-45BF-ABB5-DC77AF235AD8}.Net45 Debug|x64.ActiveCfg = Debug|x64
		{650431E1-34A1-45BF-ABB5-DC77AF235AD8}.Net45 Debug|x64.Build.0 = Debug|x64
		{650431E1-34A1-45BF-ABB5-DC77AF235AD8}.Net45 Debug|x86.ActiveCfg = Debug|Any CPU
		{650431E1-34A1-45BF-ABB5-DC77AF235AD8}.Net45|Any CPU.ActiveCfg = Release|Any CPU
		{650431E1-34A1-45BF-ABB5-DC77AF235AD8}.Net45|Any CPU.Build.0 = Release|Any CPU
		{650431E1-34A1-45BF-ABB5-DC77AF235AD8}.Net45|Mixed Platforms.ActiveCfg = Release|Any CPU
		{650431E1-34A1-45BF-ABB5-DC77AF235AD8}.Net45|Mixed Platforms.Build.0 = Release|Any CPU
		{650431E1-34A1-45BF-ABB5-DC77AF235AD8}.Net45|x64.ActiveCfg = Release|x64
		{650431E1-34A1-45BF-ABB5-DC77AF235AD8}.Net45|x64.Build.0 = Release|x64
		{650431E1-34A1-45BF-ABB5-DC77AF235AD8}.Net45|x86.ActiveCfg = Release|Any CPU
		{650431E1-34A1-45BF-ABB5-DC77AF235AD8}.Net451 Debug|Any CPU.ActiveCfg = Debug|Any CPU
		{650431E1-34A1-45BF-ABB5-DC77AF235AD8}.Net451 Debug|Any CPU.Build.0 = Debug|Any CPU
		{650431E1-34A1-45BF-ABB5-DC77AF235AD8}.Net451 Debug|Mixed Platforms.ActiveCfg = Debug|Any CPU
		{650431E1-34A1-45BF-ABB5-DC77AF235AD8}.Net451 Debug|Mixed Platforms.Build.0 = Debug|Any CPU
		{650431E1-34A1-45BF-ABB5-DC77AF235AD8}.Net451 Debug|x64.ActiveCfg = Debug|x64
		{650431E1-34A1-45BF-ABB5-DC77AF235AD8}.Net451 Debug|x64.Build.0 = Debug|x64
		{650431E1-34A1-45BF-ABB5-DC77AF235AD8}.Net451 Debug|x86.ActiveCfg = Debug|Any CPU
		{650431E1-34A1-45BF-ABB5-DC77AF235AD8}.Net451|Any CPU.ActiveCfg = Release|Any CPU
		{650431E1-34A1-45BF-ABB5-DC77AF235AD8}.Net451|Any CPU.Build.0 = Release|Any CPU
		{650431E1-34A1-45BF-ABB5-DC77AF235AD8}.Net451|Mixed Platforms.ActiveCfg = Release|Any CPU
		{650431E1-34A1-45BF-ABB5-DC77AF235AD8}.Net451|Mixed Platforms.Build.0 = Release|Any CPU
		{650431E1-34A1-45BF-ABB5-DC77AF235AD8}.Net451|x64.ActiveCfg = Release|x64
		{650431E1-34A1-45BF-ABB5-DC77AF235AD8}.Net451|x64.Build.0 = Release|x64
		{650431E1-34A1-45BF-ABB5-DC77AF235AD8}.Net451|x86.ActiveCfg = Release|Any CPU
		{650431E1-34A1-45BF-ABB5-DC77AF235AD8}.Release|Any CPU.ActiveCfg = Release|Any CPU
		{650431E1-34A1-45BF-ABB5-DC77AF235AD8}.Release|Any CPU.Build.0 = Release|Any CPU
		{650431E1-34A1-45BF-ABB5-DC77AF235AD8}.Release|Mixed Platforms.ActiveCfg = Release|Any CPU
		{650431E1-34A1-45BF-ABB5-DC77AF235AD8}.Release|Mixed Platforms.Build.0 = Release|Any CPU
		{650431E1-34A1-45BF-ABB5-DC77AF235AD8}.Release|x64.ActiveCfg = Release|x64
		{650431E1-34A1-45BF-ABB5-DC77AF235AD8}.Release|x64.Build.0 = Release|x64
		{650431E1-34A1-45BF-ABB5-DC77AF235AD8}.Release|x86.ActiveCfg = Release|Any CPU
		{21ED1638-F0E7-4DC7-9D24-17FC9FB13857}.Debug|Any CPU.ActiveCfg = Debug|Any CPU
		{21ED1638-F0E7-4DC7-9D24-17FC9FB13857}.Debug|Any CPU.Build.0 = Debug|Any CPU
		{21ED1638-F0E7-4DC7-9D24-17FC9FB13857}.Debug|Mixed Platforms.ActiveCfg = Debug|Any CPU
		{21ED1638-F0E7-4DC7-9D24-17FC9FB13857}.Debug|Mixed Platforms.Build.0 = Debug|Any CPU
		{21ED1638-F0E7-4DC7-9D24-17FC9FB13857}.Debug|x64.ActiveCfg = Debug|x64
		{21ED1638-F0E7-4DC7-9D24-17FC9FB13857}.Debug|x64.Build.0 = Debug|x64
		{21ED1638-F0E7-4DC7-9D24-17FC9FB13857}.Debug|x86.ActiveCfg = Debug|Any CPU
		{21ED1638-F0E7-4DC7-9D24-17FC9FB13857}.Net35 Debug|Any CPU.ActiveCfg = Debug|Any CPU
		{21ED1638-F0E7-4DC7-9D24-17FC9FB13857}.Net35 Debug|Any CPU.Build.0 = Debug|Any CPU
		{21ED1638-F0E7-4DC7-9D24-17FC9FB13857}.Net35 Debug|Mixed Platforms.ActiveCfg = Debug|Any CPU
		{21ED1638-F0E7-4DC7-9D24-17FC9FB13857}.Net35 Debug|Mixed Platforms.Build.0 = Debug|Any CPU
		{21ED1638-F0E7-4DC7-9D24-17FC9FB13857}.Net35 Debug|x64.ActiveCfg = Debug|x64
		{21ED1638-F0E7-4DC7-9D24-17FC9FB13857}.Net35 Debug|x64.Build.0 = Debug|x64
		{21ED1638-F0E7-4DC7-9D24-17FC9FB13857}.Net35 Debug|x86.ActiveCfg = Debug|Any CPU
		{21ED1638-F0E7-4DC7-9D24-17FC9FB13857}.Net35|Any CPU.ActiveCfg = Release|Any CPU
		{21ED1638-F0E7-4DC7-9D24-17FC9FB13857}.Net35|Any CPU.Build.0 = Release|Any CPU
		{21ED1638-F0E7-4DC7-9D24-17FC9FB13857}.Net35|Mixed Platforms.ActiveCfg = Release|Any CPU
		{21ED1638-F0E7-4DC7-9D24-17FC9FB13857}.Net35|Mixed Platforms.Build.0 = Release|Any CPU
		{21ED1638-F0E7-4DC7-9D24-17FC9FB13857}.Net35|x64.ActiveCfg = Release|x64
		{21ED1638-F0E7-4DC7-9D24-17FC9FB13857}.Net35|x64.Build.0 = Release|x64
		{21ED1638-F0E7-4DC7-9D24-17FC9FB13857}.Net35|x86.ActiveCfg = Release|Any CPU
		{21ED1638-F0E7-4DC7-9D24-17FC9FB13857}.Net40 Debug|Any CPU.ActiveCfg = Debug|Any CPU
		{21ED1638-F0E7-4DC7-9D24-17FC9FB13857}.Net40 Debug|Any CPU.Build.0 = Debug|Any CPU
		{21ED1638-F0E7-4DC7-9D24-17FC9FB13857}.Net40 Debug|Mixed Platforms.ActiveCfg = Debug|Any CPU
		{21ED1638-F0E7-4DC7-9D24-17FC9FB13857}.Net40 Debug|Mixed Platforms.Build.0 = Debug|Any CPU
		{21ED1638-F0E7-4DC7-9D24-17FC9FB13857}.Net40 Debug|x64.ActiveCfg = Debug|x64
		{21ED1638-F0E7-4DC7-9D24-17FC9FB13857}.Net40 Debug|x64.Build.0 = Debug|x64
		{21ED1638-F0E7-4DC7-9D24-17FC9FB13857}.Net40 Debug|x86.ActiveCfg = Debug|Any CPU
		{21ED1638-F0E7-4DC7-9D24-17FC9FB13857}.Net40|Any CPU.ActiveCfg = Release|Any CPU
		{21ED1638-F0E7-4DC7-9D24-17FC9FB13857}.Net40|Any CPU.Build.0 = Release|Any CPU
		{21ED1638-F0E7-4DC7-9D24-17FC9FB13857}.Net40|Mixed Platforms.ActiveCfg = Release|Any CPU
		{21ED1638-F0E7-4DC7-9D24-17FC9FB13857}.Net40|Mixed Platforms.Build.0 = Release|Any CPU
		{21ED1638-F0E7-4DC7-9D24-17FC9FB13857}.Net40|x64.ActiveCfg = Release|x64
		{21ED1638-F0E7-4DC7-9D24-17FC9FB13857}.Net40|x64.Build.0 = Release|x64
		{21ED1638-F0E7-4DC7-9D24-17FC9FB13857}.Net40|x86.ActiveCfg = Release|Any CPU
		{21ED1638-F0E7-4DC7-9D24-17FC9FB13857}.Net45 Debug|Any CPU.ActiveCfg = Debug|Any CPU
		{21ED1638-F0E7-4DC7-9D24-17FC9FB13857}.Net45 Debug|Any CPU.Build.0 = Debug|Any CPU
		{21ED1638-F0E7-4DC7-9D24-17FC9FB13857}.Net45 Debug|Mixed Platforms.ActiveCfg = Debug|Any CPU
		{21ED1638-F0E7-4DC7-9D24-17FC9FB13857}.Net45 Debug|Mixed Platforms.Build.0 = Debug|Any CPU
		{21ED1638-F0E7-4DC7-9D24-17FC9FB13857}.Net45 Debug|x64.ActiveCfg = Debug|x64
		{21ED1638-F0E7-4DC7-9D24-17FC9FB13857}.Net45 Debug|x64.Build.0 = Debug|x64
		{21ED1638-F0E7-4DC7-9D24-17FC9FB13857}.Net45 Debug|x86.ActiveCfg = Debug|Any CPU
		{21ED1638-F0E7-4DC7-9D24-17FC9FB13857}.Net45|Any CPU.ActiveCfg = Release|Any CPU
		{21ED1638-F0E7-4DC7-9D24-17FC9FB13857}.Net45|Any CPU.Build.0 = Release|Any CPU
		{21ED1638-F0E7-4DC7-9D24-17FC9FB13857}.Net45|Mixed Platforms.ActiveCfg = Release|Any CPU
		{21ED1638-F0E7-4DC7-9D24-17FC9FB13857}.Net45|Mixed Platforms.Build.0 = Release|Any CPU
		{21ED1638-F0E7-4DC7-9D24-17FC9FB13857}.Net45|x64.ActiveCfg = Release|x64
		{21ED1638-F0E7-4DC7-9D24-17FC9FB13857}.Net45|x64.Build.0 = Release|x64
		{21ED1638-F0E7-4DC7-9D24-17FC9FB13857}.Net45|x86.ActiveCfg = Release|Any CPU
		{21ED1638-F0E7-4DC7-9D24-17FC9FB13857}.Net451 Debug|Any CPU.ActiveCfg = Debug|Any CPU
		{21ED1638-F0E7-4DC7-9D24-17FC9FB13857}.Net451 Debug|Any CPU.Build.0 = Debug|Any CPU
		{21ED1638-F0E7-4DC7-9D24-17FC9FB13857}.Net451 Debug|Mixed Platforms.ActiveCfg = Debug|Any CPU
		{21ED1638-F0E7-4DC7-9D24-17FC9FB13857}.Net451 Debug|Mixed Platforms.Build.0 = Debug|Any CPU
		{21ED1638-F0E7-4DC7-9D24-17FC9FB13857}.Net451 Debug|x64.ActiveCfg = Debug|x64
		{21ED1638-F0E7-4DC7-9D24-17FC9FB13857}.Net451 Debug|x64.Build.0 = Debug|x64
		{21ED1638-F0E7-4DC7-9D24-17FC9FB13857}.Net451 Debug|x86.ActiveCfg = Debug|Any CPU
		{21ED1638-F0E7-4DC7-9D24-17FC9FB13857}.Net451|Any CPU.ActiveCfg = Release|Any CPU
		{21ED1638-F0E7-4DC7-9D24-17FC9FB13857}.Net451|Any CPU.Build.0 = Release|Any CPU
		{21ED1638-F0E7-4DC7-9D24-17FC9FB13857}.Net451|Mixed Platforms.ActiveCfg = Release|Any CPU
		{21ED1638-F0E7-4DC7-9D24-17FC9FB13857}.Net451|Mixed Platforms.Build.0 = Release|Any CPU
		{21ED1638-F0E7-4DC7-9D24-17FC9FB13857}.Net451|x64.ActiveCfg = Release|x64
		{21ED1638-F0E7-4DC7-9D24-17FC9FB13857}.Net451|x64.Build.0 = Release|x64
		{21ED1638-F0E7-4DC7-9D24-17FC9FB13857}.Net451|x86.ActiveCfg = Release|Any CPU
		{21ED1638-F0E7-4DC7-9D24-17FC9FB13857}.Release|Any CPU.ActiveCfg = Release|Any CPU
		{21ED1638-F0E7-4DC7-9D24-17FC9FB13857}.Release|Any CPU.Build.0 = Release|Any CPU
		{21ED1638-F0E7-4DC7-9D24-17FC9FB13857}.Release|Mixed Platforms.ActiveCfg = Release|Any CPU
		{21ED1638-F0E7-4DC7-9D24-17FC9FB13857}.Release|Mixed Platforms.Build.0 = Release|Any CPU
		{21ED1638-F0E7-4DC7-9D24-17FC9FB13857}.Release|x64.ActiveCfg = Release|x64
		{21ED1638-F0E7-4DC7-9D24-17FC9FB13857}.Release|x64.Build.0 = Release|x64
		{21ED1638-F0E7-4DC7-9D24-17FC9FB13857}.Release|x86.ActiveCfg = Release|Any CPU
	EndGlobalSection
	GlobalSection(SolutionProperties) = preSolution
		HideSolutionNode = FALSE
	EndGlobalSection
EndGlobal
